// !$*UTF8*$!
{
	archiveVersion = 1;
	classes = {
	};
	objectVersion = 50;
	objects = {

/* Begin PBXBuildFile section */
		BC9A8BDC239ED832007012F5 /* AppDelegate.swift in Sources */ = {isa = PBXBuildFile; fileRef = BC9A8BDB239ED832007012F5 /* AppDelegate.swift */; };
		BC9A8BDE239ED832007012F5 /* SceneDelegate.swift in Sources */ = {isa = PBXBuildFile; fileRef = BC9A8BDD239ED832007012F5 /* SceneDelegate.swift */; };
		BC9A8BE1239ED832007012F5 /* MeetUI.xcdatamodeld in Sources */ = {isa = PBXBuildFile; fileRef = BC9A8BDF239ED832007012F5 /* MeetUI.xcdatamodeld */; };
		BC9A8BE3239ED832007012F5 /* ContentView.swift in Sources */ = {isa = PBXBuildFile; fileRef = BC9A8BE2239ED832007012F5 /* ContentView.swift */; };
		BC9A8BE5239ED834007012F5 /* Assets.xcassets in Resources */ = {isa = PBXBuildFile; fileRef = BC9A8BE4239ED834007012F5 /* Assets.xcassets */; };
		BC9A8BE8239ED834007012F5 /* Preview Assets.xcassets in Resources */ = {isa = PBXBuildFile; fileRef = BC9A8BE7239ED834007012F5 /* Preview Assets.xcassets */; };
		BC9A8BEB239ED834007012F5 /* LaunchScreen.storyboard in Resources */ = {isa = PBXBuildFile; fileRef = BC9A8BE9239ED834007012F5 /* LaunchScreen.storyboard */; };
		BC9A8BF3239ED85D007012F5 /* ImagePicker.swift in Sources */ = {isa = PBXBuildFile; fileRef = BC9A8BF2239ED85D007012F5 /* ImagePicker.swift */; };
		BC9A8BF8239EDA2A007012F5 /* Person+CoreDataClass.swift in Sources */ = {isa = PBXBuildFile; fileRef = BC9A8BF6239EDA2A007012F5 /* Person+CoreDataClass.swift */; };
		BC9A8BF9239EDA2A007012F5 /* Person+CoreDataProperties.swift in Sources */ = {isa = PBXBuildFile; fileRef = BC9A8BF7239EDA2A007012F5 /* Person+CoreDataProperties.swift */; };
		BC9A8BFB239EDCDE007012F5 /* PersonRowView.swift in Sources */ = {isa = PBXBuildFile; fileRef = BC9A8BFA239EDCDE007012F5 /* PersonRowView.swift */; };
		BC9A8BFF239EE2F7007012F5 /* PersonFormView.swift in Sources */ = {isa = PBXBuildFile; fileRef = BC9A8BFE239EE2F7007012F5 /* PersonFormView.swift */; };
		BC9A8C02239EE5B0007012F5 /* FileManager+UIImage.swift in Sources */ = {isa = PBXBuildFile; fileRef = BC9A8C01239EE5B0007012F5 /* FileManager+UIImage.swift */; };
		BC9A8C04239EEA0B007012F5 /* PersonDetailView.swift in Sources */ = {isa = PBXBuildFile; fileRef = BC9A8C03239EEA0B007012F5 /* PersonDetailView.swift */; };
/* End PBXBuildFile section */

/* Begin PBXFileReference section */
		BC9A8BD8239ED832007012F5 /* MeetUI.app */ = {isa = PBXFileReference; explicitFileType = wrapper.application; includeInIndex = 0; path = MeetUI.app; sourceTree = BUILT_PRODUCTS_DIR; };
		BC9A8BDB239ED832007012F5 /* AppDelegate.swift */ = {isa = PBXFileReference; lastKnownFileType = sourcecode.swift; path = AppDelegate.swift; sourceTree = "<group>"; };
		BC9A8BDD239ED832007012F5 /* SceneDelegate.swift */ = {isa = PBXFileReference; lastKnownFileType = sourcecode.swift; path = SceneDelegate.swift; sourceTree = "<group>"; };
		BC9A8BE0239ED832007012F5 /* MeetUI.xcdatamodel */ = {isa = PBXFileReference; lastKnownFileType = wrapper.xcdatamodel; path = MeetUI.xcdatamodel; sourceTree = "<group>"; };
		BC9A8BE2239ED832007012F5 /* ContentView.swift */ = {isa = PBXFileReference; lastKnownFileType = sourcecode.swift; path = ContentView.swift; sourceTree = "<group>"; };
		BC9A8BE4239ED834007012F5 /* Assets.xcassets */ = {isa = PBXFileReference; lastKnownFileType = folder.assetcatalog; path = Assets.xcassets; sourceTree = "<group>"; };
		BC9A8BE7239ED834007012F5 /* Preview Assets.xcassets */ = {isa = PBXFileReference; lastKnownFileType = folder.assetcatalog; path = "Preview Assets.xcassets"; sourceTree = "<group>"; };
		BC9A8BEA239ED834007012F5 /* Base */ = {isa = PBXFileReference; lastKnownFileType = file.storyboard; name = Base; path = Base.lproj/LaunchScreen.storyboard; sourceTree = "<group>"; };
		BC9A8BEC239ED834007012F5 /* Info.plist */ = {isa = PBXFileReference; lastKnownFileType = text.plist.xml; path = Info.plist; sourceTree = "<group>"; };
		BC9A8BF2239ED85D007012F5 /* ImagePicker.swift */ = {isa = PBXFileReference; lastKnownFileType = sourcecode.swift; path = ImagePicker.swift; sourceTree = "<group>"; };
		BC9A8BF6239EDA2A007012F5 /* Person+CoreDataClass.swift */ = {isa = PBXFileReference; lastKnownFileType = sourcecode.swift; path = "Person+CoreDataClass.swift"; sourceTree = "<group>"; };
		BC9A8BF7239EDA2A007012F5 /* Person+CoreDataProperties.swift */ = {isa = PBXFileReference; lastKnownFileType = sourcecode.swift; path = "Person+CoreDataProperties.swift"; sourceTree = "<group>"; };
		BC9A8BFA239EDCDE007012F5 /* PersonRowView.swift */ = {isa = PBXFileReference; lastKnownFileType = sourcecode.swift; path = PersonRowView.swift; sourceTree = "<group>"; };
		BC9A8BFE239EE2F7007012F5 /* PersonFormView.swift */ = {isa = PBXFileReference; lastKnownFileType = sourcecode.swift; path = PersonFormView.swift; sourceTree = "<group>"; };
		BC9A8C01239EE5B0007012F5 /* FileManager+UIImage.swift */ = {isa = PBXFileReference; lastKnownFileType = sourcecode.swift; path = "FileManager+UIImage.swift"; sourceTree = "<group>"; };
		BC9A8C03239EEA0B007012F5 /* PersonDetailView.swift */ = {isa = PBXFileReference; lastKnownFileType = sourcecode.swift; path = PersonDetailView.swift; sourceTree = "<group>"; };
/* End PBXFileReference section */

/* Begin PBXFrameworksBuildPhase section */
		BC9A8BD5239ED832007012F5 /* Frameworks */ = {
			isa = PBXFrameworksBuildPhase;
			buildActionMask = 2147483647;
			files = (
			);
			runOnlyForDeploymentPostprocessing = 0;
		};
/* End PBXFrameworksBuildPhase section */

/* Begin PBXGroup section */
		BC9A8BCF239ED832007012F5 = {
			isa = PBXGroup;
			children = (
				BC9A8BDA239ED832007012F5 /* MeetUI */,
				BC9A8BD9239ED832007012F5 /* Products */,
			);
			sourceTree = "<group>";
		};
		BC9A8BD9239ED832007012F5 /* Products */ = {
			isa = PBXGroup;
			children = (
				BC9A8BD8239ED832007012F5 /* MeetUI.app */,
			);
			name = Products;
			sourceTree = "<group>";
		};
		BC9A8BDA239ED832007012F5 /* MeetUI */ = {
			isa = PBXGroup;
			children = (
				BC9A8C00239EE599007012F5 /* Utils */,
				BC9A8BF5239EDA18007012F5 /* Views */,
				BC9A8BF4239EDA12007012F5 /* Models */,
				BC9A8BDB239ED832007012F5 /* AppDelegate.swift */,
				BC9A8BDD239ED832007012F5 /* SceneDelegate.swift */,
				BC9A8BE2239ED832007012F5 /* ContentView.swift */,
				BC9A8BE4239ED834007012F5 /* Assets.xcassets */,
				BC9A8BE9239ED834007012F5 /* LaunchScreen.storyboard */,
				BC9A8BEC239ED834007012F5 /* Info.plist */,
				BC9A8BDF239ED832007012F5 /* MeetUI.xcdatamodeld */,
				BC9A8BE6239ED834007012F5 /* Preview Content */,
			);
			path = MeetUI;
			sourceTree = "<group>";
		};
		BC9A8BE6239ED834007012F5 /* Preview Content */ = {
			isa = PBXGroup;
			children = (
				BC9A8BE7239ED834007012F5 /* Preview Assets.xcassets */,
			);
			path = "Preview Content";
			sourceTree = "<group>";
		};
		BC9A8BF4239EDA12007012F5 /* Models */ = {
			isa = PBXGroup;
			children = (
				BC9A8BF6239EDA2A007012F5 /* Person+CoreDataClass.swift */,
				BC9A8BF7239EDA2A007012F5 /* Person+CoreDataProperties.swift */,
			);
			path = Models;
			sourceTree = "<group>";
		};
		BC9A8BF5239EDA18007012F5 /* Views */ = {
			isa = PBXGroup;
			children = (
				BC9A8BF2239ED85D007012F5 /* ImagePicker.swift */,
				BC9A8BFA239EDCDE007012F5 /* PersonRowView.swift */,
				BC9A8BFE239EE2F7007012F5 /* PersonFormView.swift */,
				BC9A8C03239EEA0B007012F5 /* PersonDetailView.swift */,
			);
			path = Views;
			sourceTree = "<group>";
		};
		BC9A8C00239EE599007012F5 /* Utils */ = {
			isa = PBXGroup;
			children = (
				BC9A8C01239EE5B0007012F5 /* FileManager+UIImage.swift */,
			);
			path = Utils;
			sourceTree = "<group>";
		};
/* End PBXGroup section */

/* Begin PBXNativeTarget section */
		BC9A8BD7239ED832007012F5 /* MeetUI */ = {
			isa = PBXNativeTarget;
			buildConfigurationList = BC9A8BEF239ED834007012F5 /* Build configuration list for PBXNativeTarget "MeetUI" */;
			buildPhases = (
				BC9A8BD4239ED832007012F5 /* Sources */,
				BC9A8BD5239ED832007012F5 /* Frameworks */,
				BC9A8BD6239ED832007012F5 /* Resources */,
			);
			buildRules = (
			);
			dependencies = (
			);
			name = MeetUI;
			productName = MeetUI;
			productReference = BC9A8BD8239ED832007012F5 /* MeetUI.app */;
			productType = "com.apple.product-type.application";
		};
/* End PBXNativeTarget section */

/* Begin PBXProject section */
		BC9A8BD0239ED832007012F5 /* Project object */ = {
			isa = PBXProject;
			attributes = {
				LastSwiftUpdateCheck = 1120;
				LastUpgradeCheck = 1120;
				ORGANIZATIONNAME = "Emilio Schepis";
				TargetAttributes = {
					BC9A8BD7239ED832007012F5 = {
						CreatedOnToolsVersion = 11.2.1;
					};
				};
			};
			buildConfigurationList = BC9A8BD3239ED832007012F5 /* Build configuration list for PBXProject "MeetUI" */;
			compatibilityVersion = "Xcode 9.3";
			developmentRegion = en;
			hasScannedForEncodings = 0;
			knownRegions = (
				en,
				Base,
			);
			mainGroup = BC9A8BCF239ED832007012F5;
			productRefGroup = BC9A8BD9239ED832007012F5 /* Products */;
			projectDirPath = "";
			projectRoot = "";
			targets = (
				BC9A8BD7239ED832007012F5 /* MeetUI */,
			);
		};
/* End PBXProject section */

/* Begin PBXResourcesBuildPhase section */
		BC9A8BD6239ED832007012F5 /* Resources */ = {
			isa = PBXResourcesBuildPhase;
			buildActionMask = 2147483647;
			files = (
				BC9A8BEB239ED834007012F5 /* LaunchScreen.storyboard in Resources */,
				BC9A8BE8239ED834007012F5 /* Preview Assets.xcassets in Resources */,
				BC9A8BE5239ED834007012F5 /* Assets.xcassets in Resources */,
			);
			runOnlyForDeploymentPostprocessing = 0;
		};
/* End PBXResourcesBuildPhase section */

/* Begin PBXSourcesBuildPhase section */
		BC9A8BD4239ED832007012F5 /* Sources */ = {
			isa = PBXSourcesBuildPhase;
			buildActionMask = 2147483647;
			files = (
				BC9A8BFB239EDCDE007012F5 /* PersonRowView.swift in Sources */,
				BC9A8BFF239EE2F7007012F5 /* PersonFormView.swift in Sources */,
				BC9A8BF9239EDA2A007012F5 /* Person+CoreDataProperties.swift in Sources */,
				BC9A8BDC239ED832007012F5 /* AppDelegate.swift in Sources */,
				BC9A8BE1239ED832007012F5 /* MeetUI.xcdatamodeld in Sources */,
				BC9A8C02239EE5B0007012F5 /* FileManager+UIImage.swift in Sources */,
				BC9A8BF8239EDA2A007012F5 /* Person+CoreDataClass.swift in Sources */,
				BC9A8BF3239ED85D007012F5 /* ImagePicker.swift in Sources */,
				BC9A8BE3239ED832007012F5 /* ContentView.swift in Sources */,
				BC9A8C04239EEA0B007012F5 /* PersonDetailView.swift in Sources */,
				BC9A8BDE239ED832007012F5 /* SceneDelegate.swift in Sources */,
			);
			runOnlyForDeploymentPostprocessing = 0;
		};
/* End PBXSourcesBuildPhase section */

/* Begin PBXVariantGroup section */
		BC9A8BE9239ED834007012F5 /* LaunchScreen.storyboard */ = {
			isa = PBXVariantGroup;
			children = (
				BC9A8BEA239ED834007012F5 /* Base */,
			);
			name = LaunchScreen.storyboard;
			sourceTree = "<group>";
		};
/* End PBXVariantGroup section */

/* Begin XCBuildConfiguration section */
		BC9A8BED239ED834007012F5 /* Debug */ = {
			isa = XCBuildConfiguration;
			buildSettings = {
				ALWAYS_SEARCH_USER_PATHS = NO;
				CLANG_ANALYZER_NONNULL = YES;
				CLANG_ANALYZER_NUMBER_OBJECT_CONVERSION = YES_AGGRESSIVE;
				CLANG_CXX_LANGUAGE_STANDARD = "gnu++14";
				CLANG_CXX_LIBRARY = "libc++";
				CLANG_ENABLE_MODULES = YES;
				CLANG_ENABLE_OBJC_ARC = YES;
				CLANG_ENABLE_OBJC_WEAK = YES;
				CLANG_WARN_BLOCK_CAPTURE_AUTORELEASING = YES;
				CLANG_WARN_BOOL_CONVERSION = YES;
				CLANG_WARN_COMMA = YES;
				CLANG_WARN_CONSTANT_CONVERSION = YES;
				CLANG_WARN_DEPRECATED_OBJC_IMPLEMENTATIONS = YES;
				CLANG_WARN_DIRECT_OBJC_ISA_USAGE = YES_ERROR;
				CLANG_WARN_DOCUMENTATION_COMMENTS = YES;
				CLANG_WARN_EMPTY_BODY = YES;
				CLANG_WARN_ENUM_CONVERSION = YES;
				CLANG_WARN_INFINITE_RECURSION = YES;
				CLANG_WARN_INT_CONVERSION = YES;
				CLANG_WARN_NON_LITERAL_NULL_CONVERSION = YES;
				CLANG_WARN_OBJC_IMPLICIT_RETAIN_SELF = YES;
				CLANG_WARN_OBJC_LITERAL_CONVERSION = YES;
				CLANG_WARN_OBJC_ROOT_CLASS = YES_ERROR;
				CLANG_WARN_RANGE_LOOP_ANALYSIS = YES;
				CLANG_WARN_STRICT_PROTOTYPES = YES;
				CLANG_WARN_SUSPICIOUS_MOVE = YES;
				CLANG_WARN_UNGUARDED_AVAILABILITY = YES_AGGRESSIVE;
				CLANG_WARN_UNREACHABLE_CODE = YES;
				CLANG_WARN__DUPLICATE_METHOD_MATCH = YES;
				COPY_PHASE_STRIP = NO;
				DEBUG_INFORMATION_FORMAT = dwarf;
				ENABLE_STRICT_OBJC_MSGSEND = YES;
				ENABLE_TESTABILITY = YES;
				GCC_C_LANGUAGE_STANDARD = gnu11;
				GCC_DYNAMIC_NO_PIC = NO;
				GCC_NO_COMMON_BLOCKS = YES;
				GCC_OPTIMIZATION_LEVEL = 0;
				GCC_PREPROCESSOR_DEFINITIONS = (
					"DEBUG=1",
					"$(inherited)",
				);
				GCC_WARN_64_TO_32_BIT_CONVERSION = YES;
				GCC_WARN_ABOUT_RETURN_TYPE = YES_ERROR;
				GCC_WARN_UNDECLARED_SELECTOR = YES;
				GCC_WARN_UNINITIALIZED_AUTOS = YES_AGGRESSIVE;
				GCC_WARN_UNUSED_FUNCTION = YES;
				GCC_WARN_UNUSED_VARIABLE = YES;
				IPHONEOS_DEPLOYMENT_TARGET = 13.2;
				MTL_ENABLE_DEBUG_INFO = INCLUDE_SOURCE;
				MTL_FAST_MATH = YES;
				ONLY_ACTIVE_ARCH = YES;
				SDKROOT = iphoneos;
				SWIFT_ACTIVE_COMPILATION_CONDITIONS = DEBUG;
				SWIFT_OPTIMIZATION_LEVEL = "-Onone";
			};
			name = Debug;
		};
		BC9A8BEE239ED834007012F5 /* Release */ = {
			isa = XCBuildConfiguration;
			buildSettings = {
				ALWAYS_SEARCH_USER_PATHS = NO;
				CLANG_ANALYZER_NONNULL = YES;
				CLANG_ANALYZER_NUMBER_OBJECT_CONVERSION = YES_AGGRESSIVE;
				CLANG_CXX_LANGUAGE_STANDARD = "gnu++14";
				CLANG_CXX_LIBRARY = "libc++";
				CLANG_ENABLE_MODULES = YES;
				CLANG_ENABLE_OBJC_ARC = YES;
				CLANG_ENABLE_OBJC_WEAK = YES;
				CLANG_WARN_BLOCK_CAPTURE_AUTORELEASING = YES;
				CLANG_WARN_BOOL_CONVERSION = YES;
				CLANG_WARN_COMMA = YES;
				CLANG_WARN_CONSTANT_CONVERSION = YES;
				CLANG_WARN_DEPRECATED_OBJC_IMPLEMENTATIONS = YES;
				CLANG_WARN_DIRECT_OBJC_ISA_USAGE = YES_ERROR;
				CLANG_WARN_DOCUMENTATION_COMMENTS = YES;
				CLANG_WARN_EMPTY_BODY = YES;
				CLANG_WARN_ENUM_CONVERSION = YES;
				CLANG_WARN_INFINITE_RECURSION = YES;
				CLANG_WARN_INT_CONVERSION = YES;
				CLANG_WARN_NON_LITERAL_NULL_CONVERSION = YES;
				CLANG_WARN_OBJC_IMPLICIT_RETAIN_SELF = YES;
				CLANG_WARN_OBJC_LITERAL_CONVERSION = YES;
				CLANG_WARN_OBJC_ROOT_CLASS = YES_ERROR;
				CLANG_WARN_RANGE_LOOP_ANALYSIS = YES;
				CLANG_WARN_STRICT_PROTOTYPES = YES;
				CLANG_WARN_SUSPICIOUS_MOVE = YES;
				CLANG_WARN_UNGUARDED_AVAILABILITY = YES_AGGRESSIVE;
				CLANG_WARN_UNREACHABLE_CODE = YES;
				CLANG_WARN__DUPLICATE_METHOD_MATCH = YES;
				COPY_PHASE_STRIP = NO;
				DEBUG_INFORMATION_FORMAT = "dwarf-with-dsym";
				ENABLE_NS_ASSERTIONS = NO;
				ENABLE_STRICT_OBJC_MSGSEND = YES;
				GCC_C_LANGUAGE_STANDARD = gnu11;
				GCC_NO_COMMON_BLOCKS = YES;
				GCC_WARN_64_TO_32_BIT_CONVERSION = YES;
				GCC_WARN_ABOUT_RETURN_TYPE = YES_ERROR;
				GCC_WARN_UNDECLARED_SELECTOR = YES;
				GCC_WARN_UNINITIALIZED_AUTOS = YES_AGGRESSIVE;
				GCC_WARN_UNUSED_FUNCTION = YES;
				GCC_WARN_UNUSED_VARIABLE = YES;
				IPHONEOS_DEPLOYMENT_TARGET = 13.2;
				MTL_ENABLE_DEBUG_INFO = NO;
				MTL_FAST_MATH = YES;
				SDKROOT = iphoneos;
				SWIFT_COMPILATION_MODE = wholemodule;
				SWIFT_OPTIMIZATION_LEVEL = "-O";
				VALIDATE_PRODUCT = YES;
			};
			name = Release;
		};
		BC9A8BF0239ED834007012F5 /* Debug */ = {
			isa = XCBuildConfiguration;
			buildSettings = {
				ASSETCATALOG_COMPILER_APPICON_NAME = AppIcon;
				CODE_SIGN_STYLE = Automatic;
				DEVELOPMENT_ASSET_PATHS = "\"MeetUI/Preview Content\"";
				ENABLE_PREVIEWS = YES;
				INFOPLIST_FILE = MeetUI/Info.plist;
				LD_RUNPATH_SEARCH_PATHS = (
					"$(inherited)",
					"@executable_path/Frameworks",
				);
				PRODUCT_BUNDLE_IDENTIFIER = com.emilioschepis.100daysofswiftui.MeetUI;
				PRODUCT_NAME = "$(TARGET_NAME)";
				SWIFT_VERSION = 5.0;
				TARGETED_DEVICE_FAMILY = "1,2";
			};
			name = Debug;
		};
		BC9A8BF1239ED834007012F5 /* Release */ = {
			isa = XCBuildConfiguration;
			buildSettings = {
				ASSETCATALOG_COMPILER_APPICON_NAME = AppIcon;
				CODE_SIGN_STYLE = Automatic;
				DEVELOPMENT_ASSET_PATHS = "\"MeetUI/Preview Content\"";
				ENABLE_PREVIEWS = YES;
				INFOPLIST_FILE = MeetUI/Info.plist;
				LD_RUNPATH_SEARCH_PATHS = (
					"$(inherited)",
					"@executable_path/Frameworks",
				);
				PRODUCT_BUNDLE_IDENTIFIER = com.emilioschepis.100daysofswiftui.MeetUI;
				PRODUCT_NAME = "$(TARGET_NAME)";
				SWIFT_VERSION = 5.0;
				TARGETED_DEVICE_FAMILY = "1,2";
			};
			name = Release;
		};
/* End XCBuildConfiguration section */

/* Begin XCConfigurationList section */
		BC9A8BD3239ED832007012F5 /* Build configuration list for PBXProject "MeetUI" */ = {
			isa = XCConfigurationList;
			buildConfigurations = (
				BC9A8BED239ED834007012F5 /* Debug */,
				BC9A8BEE239ED834007012F5 /* Release */,
			);
			defaultConfigurationIsVisible = 0;
			defaultConfigurationName = Release;
		};
		BC9A8BEF239ED834007012F5 /* Build configuration list for PBXNativeTarget "MeetUI" */ = {
			isa = XCConfigurationList;
			buildConfigurations = (
				BC9A8BF0239ED834007012F5 /* Debug */,
				BC9A8BF1239ED834007012F5 /* Release */,
			);
			defaultConfigurationIsVisible = 0;
			defaultConfigurationName = Release;
		};
/* End XCConfigurationList section */

/* Begin XCVersionGroup section */
		BC9A8BDF239ED832007012F5 /* MeetUI.xcdatamodeld */ = {
			isa = XCVersionGroup;
			children = (
				BC9A8BE0239ED832007012F5 /* MeetUI.xcdatamodel */,
			);
			currentVersion = BC9A8BE0239ED832007012F5 /* MeetUI.xcdatamodel */;
			path = MeetUI.xcdatamodeld;
			sourceTree = "<group>";
			versionGroupType = wrapper.xcdatamodel;
		};
/* End XCVersionGroup section */
	};
	rootObject = BC9A8BD0239ED832007012F5 /* Project object */;
}
