// !$*UTF8*$!
{
	archiveVersion = 1;
	classes = {
	};
	objectVersion = 52;
	objects = {

/* Begin PBXBuildFile section */
		BC91814723AF866E00143648 /* AppDelegate.swift in Sources */ = {isa = PBXBuildFile; fileRef = BC91814623AF866E00143648 /* AppDelegate.swift */; };
		BC91814923AF866E00143648 /* SceneDelegate.swift in Sources */ = {isa = PBXBuildFile; fileRef = BC91814823AF866E00143648 /* SceneDelegate.swift */; };
		BC91814B23AF866E00143648 /* ContentView.swift in Sources */ = {isa = PBXBuildFile; fileRef = BC91814A23AF866E00143648 /* ContentView.swift */; };
		BC91814D23AF867000143648 /* Assets.xcassets in Resources */ = {isa = PBXBuildFile; fileRef = BC91814C23AF867000143648 /* Assets.xcassets */; };
		BC91815023AF867000143648 /* Preview Assets.xcassets in Resources */ = {isa = PBXBuildFile; fileRef = BC91814F23AF867000143648 /* Preview Assets.xcassets */; };
		BC91815323AF867000143648 /* LaunchScreen.storyboard in Resources */ = {isa = PBXBuildFile; fileRef = BC91815123AF867000143648 /* LaunchScreen.storyboard */; };
		BC91815E23AF97A900143648 /* SamplePackage in Frameworks */ = {isa = PBXBuildFile; productRef = BC91815D23AF97A900143648 /* SamplePackage */; };
		BC91816023AF98B100143648 /* ProspectsView.swift in Sources */ = {isa = PBXBuildFile; fileRef = BC91815F23AF98B100143648 /* ProspectsView.swift */; };
		BC91816223AF98CB00143648 /* MeView.swift in Sources */ = {isa = PBXBuildFile; fileRef = BC91816123AF98CB00143648 /* MeView.swift */; };
		BC91816823AF9A6700143648 /* Prospect.swift in Sources */ = {isa = PBXBuildFile; fileRef = BC91816723AF9A6700143648 /* Prospect.swift */; };
		BC91816D23AFAA2100143648 /* CodeScanner in Frameworks */ = {isa = PBXBuildFile; productRef = BC91816C23AFAA2100143648 /* CodeScanner */; };
/* End PBXBuildFile section */

/* Begin PBXFileReference section */
		BC91814323AF866E00143648 /* HotProspects.app */ = {isa = PBXFileReference; explicitFileType = wrapper.application; includeInIndex = 0; path = HotProspects.app; sourceTree = BUILT_PRODUCTS_DIR; };
		BC91814623AF866E00143648 /* AppDelegate.swift */ = {isa = PBXFileReference; lastKnownFileType = sourcecode.swift; path = AppDelegate.swift; sourceTree = "<group>"; };
		BC91814823AF866E00143648 /* SceneDelegate.swift */ = {isa = PBXFileReference; lastKnownFileType = sourcecode.swift; path = SceneDelegate.swift; sourceTree = "<group>"; };
		BC91814A23AF866E00143648 /* ContentView.swift */ = {isa = PBXFileReference; lastKnownFileType = sourcecode.swift; path = ContentView.swift; sourceTree = "<group>"; };
		BC91814C23AF867000143648 /* Assets.xcassets */ = {isa = PBXFileReference; lastKnownFileType = folder.assetcatalog; path = Assets.xcassets; sourceTree = "<group>"; };
		BC91814F23AF867000143648 /* Preview Assets.xcassets */ = {isa = PBXFileReference; lastKnownFileType = folder.assetcatalog; path = "Preview Assets.xcassets"; sourceTree = "<group>"; };
		BC91815223AF867000143648 /* Base */ = {isa = PBXFileReference; lastKnownFileType = file.storyboard; name = Base; path = Base.lproj/LaunchScreen.storyboard; sourceTree = "<group>"; };
		BC91815423AF867000143648 /* Info.plist */ = {isa = PBXFileReference; lastKnownFileType = text.plist.xml; path = Info.plist; sourceTree = "<group>"; };
		BC91815F23AF98B100143648 /* ProspectsView.swift */ = {isa = PBXFileReference; lastKnownFileType = sourcecode.swift; path = ProspectsView.swift; sourceTree = "<group>"; };
		BC91816123AF98CB00143648 /* MeView.swift */ = {isa = PBXFileReference; lastKnownFileType = sourcecode.swift; path = MeView.swift; sourceTree = "<group>"; };
		BC91816723AF9A6700143648 /* Prospect.swift */ = {isa = PBXFileReference; lastKnownFileType = sourcecode.swift; path = Prospect.swift; sourceTree = "<group>"; };
/* End PBXFileReference section */

/* Begin PBXFrameworksBuildPhase section */
		BC91814023AF866E00143648 /* Frameworks */ = {
			isa = PBXFrameworksBuildPhase;
			buildActionMask = 2147483647;
			files = (
				BC91816D23AFAA2100143648 /* CodeScanner in Frameworks */,
				BC91815E23AF97A900143648 /* SamplePackage in Frameworks */,
			);
			runOnlyForDeploymentPostprocessing = 0;
		};
/* End PBXFrameworksBuildPhase section */

/* Begin PBXGroup section */
		BC91813A23AF866E00143648 = {
			isa = PBXGroup;
			children = (
				BC91814523AF866E00143648 /* HotProspects */,
				BC91814423AF866E00143648 /* Products */,
			);
			sourceTree = "<group>";
		};
		BC91814423AF866E00143648 /* Products */ = {
			isa = PBXGroup;
			children = (
				BC91814323AF866E00143648 /* HotProspects.app */,
			);
			name = Products;
			sourceTree = "<group>";
		};
		BC91814523AF866E00143648 /* HotProspects */ = {
			isa = PBXGroup;
			children = (
				BC91814623AF866E00143648 /* AppDelegate.swift */,
				BC91814823AF866E00143648 /* SceneDelegate.swift */,
				BC91814A23AF866E00143648 /* ContentView.swift */,
				BC91816123AF98CB00143648 /* MeView.swift */,
				BC91815F23AF98B100143648 /* ProspectsView.swift */,
				BC91814C23AF867000143648 /* Assets.xcassets */,
				BC91815123AF867000143648 /* LaunchScreen.storyboard */,
				BC91815423AF867000143648 /* Info.plist */,
				BC91814E23AF867000143648 /* Preview Content */,
				BC91816723AF9A6700143648 /* Prospect.swift */,
			);
			path = HotProspects;
			sourceTree = "<group>";
		};
		BC91814E23AF867000143648 /* Preview Content */ = {
			isa = PBXGroup;
			children = (
				BC91814F23AF867000143648 /* Preview Assets.xcassets */,
			);
			path = "Preview Content";
			sourceTree = "<group>";
		};
/* End PBXGroup section */

/* Begin PBXNativeTarget section */
		BC91814223AF866E00143648 /* HotProspects */ = {
			isa = PBXNativeTarget;
			buildConfigurationList = BC91815723AF867000143648 /* Build configuration list for PBXNativeTarget "HotProspects" */;
			buildPhases = (
				BC91813F23AF866E00143648 /* Sources */,
				BC91814023AF866E00143648 /* Frameworks */,
				BC91814123AF866E00143648 /* Resources */,
			);
			buildRules = (
			);
			dependencies = (
			);
			name = HotProspects;
			packageProductDependencies = (
				BC91815D23AF97A900143648 /* SamplePackage */,
				BC91816C23AFAA2100143648 /* CodeScanner */,
			);
			productName = HotProspects;
			productReference = BC91814323AF866E00143648 /* HotProspects.app */;
			productType = "com.apple.product-type.application";
		};
/* End PBXNativeTarget section */

/* Begin PBXProject section */
		BC91813B23AF866E00143648 /* Project object */ = {
			isa = PBXProject;
			attributes = {
				LastSwiftUpdateCheck = 1130;
				LastUpgradeCheck = 1130;
				ORGANIZATIONNAME = "Emilio Schepis";
				TargetAttributes = {
					BC91814223AF866E00143648 = {
						CreatedOnToolsVersion = 11.3;
					};
				};
			};
			buildConfigurationList = BC91813E23AF866E00143648 /* Build configuration list for PBXProject "HotProspects" */;
			compatibilityVersion = "Xcode 9.3";
			developmentRegion = en;
			hasScannedForEncodings = 0;
			knownRegions = (
				en,
				Base,
			);
			mainGroup = BC91813A23AF866E00143648;
			packageReferences = (
				BC91815C23AF97A900143648 /* XCRemoteSwiftPackageReference "SamplePackage" */,
				BC91816B23AFAA2100143648 /* XCRemoteSwiftPackageReference "CodeScanner" */,
			);
			productRefGroup = BC91814423AF866E00143648 /* Products */;
			projectDirPath = "";
			projectRoot = "";
			targets = (
				BC91814223AF866E00143648 /* HotProspects */,
			);
		};
/* End PBXProject section */

/* Begin PBXResourcesBuildPhase section */
		BC91814123AF866E00143648 /* Resources */ = {
			isa = PBXResourcesBuildPhase;
			buildActionMask = 2147483647;
			files = (
				BC91815323AF867000143648 /* LaunchScreen.storyboard in Resources */,
				BC91815023AF867000143648 /* Preview Assets.xcassets in Resources */,
				BC91814D23AF867000143648 /* Assets.xcassets in Resources */,
			);
			runOnlyForDeploymentPostprocessing = 0;
		};
/* End PBXResourcesBuildPhase section */

/* Begin PBXSourcesBuildPhase section */
		BC91813F23AF866E00143648 /* Sources */ = {
			isa = PBXSourcesBuildPhase;
			buildActionMask = 2147483647;
			files = (
				BC91816023AF98B100143648 /* ProspectsView.swift in Sources */,
				BC91814723AF866E00143648 /* AppDelegate.swift in Sources */,
				BC91816823AF9A6700143648 /* Prospect.swift in Sources */,
				BC91814923AF866E00143648 /* SceneDelegate.swift in Sources */,
				BC91814B23AF866E00143648 /* ContentView.swift in Sources */,
				BC91816223AF98CB00143648 /* MeView.swift in Sources */,
			);
			runOnlyForDeploymentPostprocessing = 0;
		};
/* End PBXSourcesBuildPhase section */

/* Begin PBXVariantGroup section */
		BC91815123AF867000143648 /* LaunchScreen.storyboard */ = {
			isa = PBXVariantGroup;
			children = (
				BC91815223AF867000143648 /* Base */,
			);
			name = LaunchScreen.storyboard;
			sourceTree = "<group>";
		};
/* End PBXVariantGroup section */

/* Begin XCBuildConfiguration section */
		BC91815523AF867000143648 /* Debug */ = {
			isa = XCBuildConfiguration;
			buildSettings = {
				ALWAYS_SEARCH_USER_PATHS = NO;
				CLANG_ANALYZER_NONNULL = YES;
				CLANG_ANALYZER_NUMBER_OBJECT_CONVERSION = YES_AGGRESSIVE;
				CLANG_CXX_LANGUAGE_STANDARD = "gnu++14";
				CLANG_CXX_LIBRARY = "libc++";
				CLANG_ENABLE_MODULES = YES;
				CLANG_ENABLE_OBJC_ARC = YES;
				CLANG_ENABLE_OBJC_WEAK = YES;
				CLANG_WARN_BLOCK_CAPTURE_AUTORELEASING = YES;
				CLANG_WARN_BOOL_CONVERSION = YES;
				CLANG_WARN_COMMA = YES;
				CLANG_WARN_CONSTANT_CONVERSION = YES;
				CLANG_WARN_DEPRECATED_OBJC_IMPLEMENTATIONS = YES;
				CLANG_WARN_DIRECT_OBJC_ISA_USAGE = YES_ERROR;
				CLANG_WARN_DOCUMENTATION_COMMENTS = YES;
				CLANG_WARN_EMPTY_BODY = YES;
				CLANG_WARN_ENUM_CONVERSION = YES;
				CLANG_WARN_INFINITE_RECURSION = YES;
				CLANG_WARN_INT_CONVERSION = YES;
				CLANG_WARN_NON_LITERAL_NULL_CONVERSION = YES;
				CLANG_WARN_OBJC_IMPLICIT_RETAIN_SELF = YES;
				CLANG_WARN_OBJC_LITERAL_CONVERSION = YES;
				CLANG_WARN_OBJC_ROOT_CLASS = YES_ERROR;
				CLANG_WARN_RANGE_LOOP_ANALYSIS = YES;
				CLANG_WARN_STRICT_PROTOTYPES = YES;
				CLANG_WARN_SUSPICIOUS_MOVE = YES;
				CLANG_WARN_UNGUARDED_AVAILABILITY = YES_AGGRESSIVE;
				CLANG_WARN_UNREACHABLE_CODE = YES;
				CLANG_WARN__DUPLICATE_METHOD_MATCH = YES;
				COPY_PHASE_STRIP = NO;
				DEBUG_INFORMATION_FORMAT = dwarf;
				ENABLE_STRICT_OBJC_MSGSEND = YES;
				ENABLE_TESTABILITY = YES;
				GCC_C_LANGUAGE_STANDARD = gnu11;
				GCC_DYNAMIC_NO_PIC = NO;
				GCC_NO_COMMON_BLOCKS = YES;
				GCC_OPTIMIZATION_LEVEL = 0;
				GCC_PREPROCESSOR_DEFINITIONS = (
					"DEBUG=1",
					"$(inherited)",
				);
				GCC_WARN_64_TO_32_BIT_CONVERSION = YES;
				GCC_WARN_ABOUT_RETURN_TYPE = YES_ERROR;
				GCC_WARN_UNDECLARED_SELECTOR = YES;
				GCC_WARN_UNINITIALIZED_AUTOS = YES_AGGRESSIVE;
				GCC_WARN_UNUSED_FUNCTION = YES;
				GCC_WARN_UNUSED_VARIABLE = YES;
				IPHONEOS_DEPLOYMENT_TARGET = 13.2;
				MTL_ENABLE_DEBUG_INFO = INCLUDE_SOURCE;
				MTL_FAST_MATH = YES;
				ONLY_ACTIVE_ARCH = YES;
				SDKROOT = iphoneos;
				SWIFT_ACTIVE_COMPILATION_CONDITIONS = DEBUG;
				SWIFT_OPTIMIZATION_LEVEL = "-Onone";
			};
			name = Debug;
		};
		BC91815623AF867000143648 /* Release */ = {
			isa = XCBuildConfiguration;
			buildSettings = {
				ALWAYS_SEARCH_USER_PATHS = NO;
				CLANG_ANALYZER_NONNULL = YES;
				CLANG_ANALYZER_NUMBER_OBJECT_CONVERSION = YES_AGGRESSIVE;
				CLANG_CXX_LANGUAGE_STANDARD = "gnu++14";
				CLANG_CXX_LIBRARY = "libc++";
				CLANG_ENABLE_MODULES = YES;
				CLANG_ENABLE_OBJC_ARC = YES;
				CLANG_ENABLE_OBJC_WEAK = YES;
				CLANG_WARN_BLOCK_CAPTURE_AUTORELEASING = YES;
				CLANG_WARN_BOOL_CONVERSION = YES;
				CLANG_WARN_COMMA = YES;
				CLANG_WARN_CONSTANT_CONVERSION = YES;
				CLANG_WARN_DEPRECATED_OBJC_IMPLEMENTATIONS = YES;
				CLANG_WARN_DIRECT_OBJC_ISA_USAGE = YES_ERROR;
				CLANG_WARN_DOCUMENTATION_COMMENTS = YES;
				CLANG_WARN_EMPTY_BODY = YES;
				CLANG_WARN_ENUM_CONVERSION = YES;
				CLANG_WARN_INFINITE_RECURSION = YES;
				CLANG_WARN_INT_CONVERSION = YES;
				CLANG_WARN_NON_LITERAL_NULL_CONVERSION = YES;
				CLANG_WARN_OBJC_IMPLICIT_RETAIN_SELF = YES;
				CLANG_WARN_OBJC_LITERAL_CONVERSION = YES;
				CLANG_WARN_OBJC_ROOT_CLASS = YES_ERROR;
				CLANG_WARN_RANGE_LOOP_ANALYSIS = YES;
				CLANG_WARN_STRICT_PROTOTYPES = YES;
				CLANG_WARN_SUSPICIOUS_MOVE = YES;
				CLANG_WARN_UNGUARDED_AVAILABILITY = YES_AGGRESSIVE;
				CLANG_WARN_UNREACHABLE_CODE = YES;
				CLANG_WARN__DUPLICATE_METHOD_MATCH = YES;
				COPY_PHASE_STRIP = NO;
				DEBUG_INFORMATION_FORMAT = "dwarf-with-dsym";
				ENABLE_NS_ASSERTIONS = NO;
				ENABLE_STRICT_OBJC_MSGSEND = YES;
				GCC_C_LANGUAGE_STANDARD = gnu11;
				GCC_NO_COMMON_BLOCKS = YES;
				GCC_WARN_64_TO_32_BIT_CONVERSION = YES;
				GCC_WARN_ABOUT_RETURN_TYPE = YES_ERROR;
				GCC_WARN_UNDECLARED_SELECTOR = YES;
				GCC_WARN_UNINITIALIZED_AUTOS = YES_AGGRESSIVE;
				GCC_WARN_UNUSED_FUNCTION = YES;
				GCC_WARN_UNUSED_VARIABLE = YES;
				IPHONEOS_DEPLOYMENT_TARGET = 13.2;
				MTL_ENABLE_DEBUG_INFO = NO;
				MTL_FAST_MATH = YES;
				SDKROOT = iphoneos;
				SWIFT_COMPILATION_MODE = wholemodule;
				SWIFT_OPTIMIZATION_LEVEL = "-O";
				VALIDATE_PRODUCT = YES;
			};
			name = Release;
		};
		BC91815823AF867000143648 /* Debug */ = {
			isa = XCBuildConfiguration;
			buildSettings = {
				ASSETCATALOG_COMPILER_APPICON_NAME = AppIcon;
				CODE_SIGN_STYLE = Automatic;
				DEVELOPMENT_ASSET_PATHS = "\"HotProspects/Preview Content\"";
				DEVELOPMENT_TEAM = 9K45CQJ2EB;
				ENABLE_PREVIEWS = YES;
				INFOPLIST_FILE = HotProspects/Info.plist;
				LD_RUNPATH_SEARCH_PATHS = (
					"$(inherited)",
					"@executable_path/Frameworks",
				);
				PRODUCT_BUNDLE_IDENTIFIER = com.emilioschepis.100daysofswiftui.HotProspects;
				PRODUCT_NAME = "$(TARGET_NAME)";
				SWIFT_VERSION = 5.0;
				TARGETED_DEVICE_FAMILY = "1,2";
			};
			name = Debug;
		};
		BC91815923AF867000143648 /* Release */ = {
			isa = XCBuildConfiguration;
			buildSettings = {
				ASSETCATALOG_COMPILER_APPICON_NAME = AppIcon;
				CODE_SIGN_STYLE = Automatic;
				DEVELOPMENT_ASSET_PATHS = "\"HotProspects/Preview Content\"";
				DEVELOPMENT_TEAM = 9K45CQJ2EB;
				ENABLE_PREVIEWS = YES;
				INFOPLIST_FILE = HotProspects/Info.plist;
				LD_RUNPATH_SEARCH_PATHS = (
					"$(inherited)",
					"@executable_path/Frameworks",
				);
				PRODUCT_BUNDLE_IDENTIFIER = com.emilioschepis.100daysofswiftui.HotProspects;
				PRODUCT_NAME = "$(TARGET_NAME)";
				SWIFT_VERSION = 5.0;
				TARGETED_DEVICE_FAMILY = "1,2";
			};
			name = Release;
		};
/* End XCBuildConfiguration section */

/* Begin XCConfigurationList section */
		BC91813E23AF866E00143648 /* Build configuration list for PBXProject "HotProspects" */ = {
			isa = XCConfigurationList;
			buildConfigurations = (
				BC91815523AF867000143648 /* Debug */,
				BC91815623AF867000143648 /* Release */,
			);
			defaultConfigurationIsVisible = 0;
			defaultConfigurationName = Release;
		};
		BC91815723AF867000143648 /* Build configuration list for PBXNativeTarget "HotProspects" */ = {
			isa = XCConfigurationList;
			buildConfigurations = (
				BC91815823AF867000143648 /* Debug */,
				BC91815923AF867000143648 /* Release */,
			);
			defaultConfigurationIsVisible = 0;
			defaultConfigurationName = Release;
		};
/* End XCConfigurationList section */

/* Begin XCRemoteSwiftPackageReference section */
		BC91815C23AF97A900143648 /* XCRemoteSwiftPackageReference "SamplePackage" */ = {
			isa = XCRemoteSwiftPackageReference;
			repositoryURL = "https://github.com/twostraws/SamplePackage";
			requirement = {
				kind = upToNextMajorVersion;
				minimumVersion = 1.0.0;
			};
		};
		BC91816B23AFAA2100143648 /* XCRemoteSwiftPackageReference "CodeScanner" */ = {
			isa = XCRemoteSwiftPackageReference;
			repositoryURL = "https://github.com/twostraws/CodeScanner";
			requirement = {
				kind = upToNextMajorVersion;
				minimumVersion = 1.0.1;
			};
		};
/* End XCRemoteSwiftPackageReference section */

/* Begin XCSwiftPackageProductDependency section */
		BC91815D23AF97A900143648 /* SamplePackage */ = {
			isa = XCSwiftPackageProductDependency;
			package = BC91815C23AF97A900143648 /* XCRemoteSwiftPackageReference "SamplePackage" */;
			productName = SamplePackage;
		};
		BC91816C23AFAA2100143648 /* CodeScanner */ = {
			isa = XCSwiftPackageProductDependency;
			package = BC91816B23AFAA2100143648 /* XCRemoteSwiftPackageReference "CodeScanner" */;
			productName = CodeScanner;
		};
/* End XCSwiftPackageProductDependency section */
	};
	rootObject = BC91813B23AF866E00143648 /* Project object */;
}
