// !$*UTF8*$!
{
	archiveVersion = 1;
	classes = {
	};
	objectVersion = 50;
	objects = {

/* Begin PBXBuildFile section */
		BC63D6DB237E7655000A3A38 /* AppDelegate.swift in Sources */ = {isa = PBXBuildFile; fileRef = BC63D6DA237E7655000A3A38 /* AppDelegate.swift */; };
		BC63D6DD237E7655000A3A38 /* SceneDelegate.swift in Sources */ = {isa = PBXBuildFile; fileRef = BC63D6DC237E7655000A3A38 /* SceneDelegate.swift */; };
		BC63D6E0237E7655000A3A38 /* Bookworm.xcdatamodeld in Sources */ = {isa = PBXBuildFile; fileRef = BC63D6DE237E7655000A3A38 /* Bookworm.xcdatamodeld */; };
		BC63D6E2237E7655000A3A38 /* ContentView.swift in Sources */ = {isa = PBXBuildFile; fileRef = BC63D6E1237E7655000A3A38 /* ContentView.swift */; };
		BC63D6E4237E7658000A3A38 /* Assets.xcassets in Resources */ = {isa = PBXBuildFile; fileRef = BC63D6E3237E7658000A3A38 /* Assets.xcassets */; };
		BC63D6E7237E7658000A3A38 /* Preview Assets.xcassets in Resources */ = {isa = PBXBuildFile; fileRef = BC63D6E6237E7658000A3A38 /* Preview Assets.xcassets */; };
		BC63D6EA237E7658000A3A38 /* LaunchScreen.storyboard in Resources */ = {isa = PBXBuildFile; fileRef = BC63D6E8237E7658000A3A38 /* LaunchScreen.storyboard */; };
		BCCE4D2B2383245600F68DEB /* AddBookView.swift in Sources */ = {isa = PBXBuildFile; fileRef = BCCE4D2A2383245600F68DEB /* AddBookView.swift */; };
		BCCE4D2D23832DA500F68DEB /* RatingView.swift in Sources */ = {isa = PBXBuildFile; fileRef = BCCE4D2C23832DA500F68DEB /* RatingView.swift */; };
		BCCE4D2F23832F2E00F68DEB /* EmojiRatingView.swift in Sources */ = {isa = PBXBuildFile; fileRef = BCCE4D2E23832F2E00F68DEB /* EmojiRatingView.swift */; };
		BCCE4D31238333CA00F68DEB /* DetailView.swift in Sources */ = {isa = PBXBuildFile; fileRef = BCCE4D30238333CA00F68DEB /* DetailView.swift */; };
/* End PBXBuildFile section */

/* Begin PBXFileReference section */
		BC63D6D7237E7655000A3A38 /* Bookworm.app */ = {isa = PBXFileReference; explicitFileType = wrapper.application; includeInIndex = 0; path = Bookworm.app; sourceTree = BUILT_PRODUCTS_DIR; };
		BC63D6DA237E7655000A3A38 /* AppDelegate.swift */ = {isa = PBXFileReference; lastKnownFileType = sourcecode.swift; path = AppDelegate.swift; sourceTree = "<group>"; };
		BC63D6DC237E7655000A3A38 /* SceneDelegate.swift */ = {isa = PBXFileReference; lastKnownFileType = sourcecode.swift; path = SceneDelegate.swift; sourceTree = "<group>"; };
		BC63D6DF237E7655000A3A38 /* Bookworm.xcdatamodel */ = {isa = PBXFileReference; lastKnownFileType = wrapper.xcdatamodel; path = Bookworm.xcdatamodel; sourceTree = "<group>"; };
		BC63D6E1237E7655000A3A38 /* ContentView.swift */ = {isa = PBXFileReference; lastKnownFileType = sourcecode.swift; path = ContentView.swift; sourceTree = "<group>"; };
		BC63D6E3237E7658000A3A38 /* Assets.xcassets */ = {isa = PBXFileReference; lastKnownFileType = folder.assetcatalog; path = Assets.xcassets; sourceTree = "<group>"; };
		BC63D6E6237E7658000A3A38 /* Preview Assets.xcassets */ = {isa = PBXFileReference; lastKnownFileType = folder.assetcatalog; path = "Preview Assets.xcassets"; sourceTree = "<group>"; };
		BC63D6E9237E7658000A3A38 /* Base */ = {isa = PBXFileReference; lastKnownFileType = file.storyboard; name = Base; path = Base.lproj/LaunchScreen.storyboard; sourceTree = "<group>"; };
		BC63D6EB237E7658000A3A38 /* Info.plist */ = {isa = PBXFileReference; lastKnownFileType = text.plist.xml; path = Info.plist; sourceTree = "<group>"; };
		BCCE4D2A2383245600F68DEB /* AddBookView.swift */ = {isa = PBXFileReference; lastKnownFileType = sourcecode.swift; path = AddBookView.swift; sourceTree = "<group>"; };
		BCCE4D2C23832DA500F68DEB /* RatingView.swift */ = {isa = PBXFileReference; lastKnownFileType = sourcecode.swift; path = RatingView.swift; sourceTree = "<group>"; };
		BCCE4D2E23832F2E00F68DEB /* EmojiRatingView.swift */ = {isa = PBXFileReference; lastKnownFileType = sourcecode.swift; path = EmojiRatingView.swift; sourceTree = "<group>"; };
		BCCE4D30238333CA00F68DEB /* DetailView.swift */ = {isa = PBXFileReference; lastKnownFileType = sourcecode.swift; path = DetailView.swift; sourceTree = "<group>"; };
/* End PBXFileReference section */

/* Begin PBXFrameworksBuildPhase section */
		BC63D6D4237E7655000A3A38 /* Frameworks */ = {
			isa = PBXFrameworksBuildPhase;
			buildActionMask = 2147483647;
			files = (
			);
			runOnlyForDeploymentPostprocessing = 0;
		};
/* End PBXFrameworksBuildPhase section */

/* Begin PBXGroup section */
		BC63D6CE237E7655000A3A38 = {
			isa = PBXGroup;
			children = (
				BC63D6D9237E7655000A3A38 /* Bookworm */,
				BC63D6D8237E7655000A3A38 /* Products */,
			);
			sourceTree = "<group>";
		};
		BC63D6D8237E7655000A3A38 /* Products */ = {
			isa = PBXGroup;
			children = (
				BC63D6D7237E7655000A3A38 /* Bookworm.app */,
			);
			name = Products;
			sourceTree = "<group>";
		};
		BC63D6D9237E7655000A3A38 /* Bookworm */ = {
			isa = PBXGroup;
			children = (
				BCCE4D292383243F00F68DEB /* Views */,
				BC63D6DA237E7655000A3A38 /* AppDelegate.swift */,
				BC63D6DC237E7655000A3A38 /* SceneDelegate.swift */,
				BC63D6E1237E7655000A3A38 /* ContentView.swift */,
				BC63D6E3237E7658000A3A38 /* Assets.xcassets */,
				BC63D6E8237E7658000A3A38 /* LaunchScreen.storyboard */,
				BC63D6EB237E7658000A3A38 /* Info.plist */,
				BC63D6DE237E7655000A3A38 /* Bookworm.xcdatamodeld */,
				BC63D6E5237E7658000A3A38 /* Preview Content */,
			);
			path = Bookworm;
			sourceTree = "<group>";
		};
		BC63D6E5237E7658000A3A38 /* Preview Content */ = {
			isa = PBXGroup;
			children = (
				BC63D6E6237E7658000A3A38 /* Preview Assets.xcassets */,
			);
			path = "Preview Content";
			sourceTree = "<group>";
		};
		BCCE4D292383243F00F68DEB /* Views */ = {
			isa = PBXGroup;
			children = (
				BCCE4D2A2383245600F68DEB /* AddBookView.swift */,
				BCCE4D2C23832DA500F68DEB /* RatingView.swift */,
				BCCE4D2E23832F2E00F68DEB /* EmojiRatingView.swift */,
				BCCE4D30238333CA00F68DEB /* DetailView.swift */,
			);
			path = Views;
			sourceTree = "<group>";
		};
/* End PBXGroup section */

/* Begin PBXNativeTarget section */
		BC63D6D6237E7655000A3A38 /* Bookworm */ = {
			isa = PBXNativeTarget;
			buildConfigurationList = BC63D6EE237E7658000A3A38 /* Build configuration list for PBXNativeTarget "Bookworm" */;
			buildPhases = (
				BC63D6D3237E7655000A3A38 /* Sources */,
				BC63D6D4237E7655000A3A38 /* Frameworks */,
				BC63D6D5237E7655000A3A38 /* Resources */,
			);
			buildRules = (
			);
			dependencies = (
			);
			name = Bookworm;
			productName = Bookworm;
			productReference = BC63D6D7237E7655000A3A38 /* Bookworm.app */;
			productType = "com.apple.product-type.application";
		};
/* End PBXNativeTarget section */

/* Begin PBXProject section */
		BC63D6CF237E7655000A3A38 /* Project object */ = {
			isa = PBXProject;
			attributes = {
				LastSwiftUpdateCheck = 1120;
				LastUpgradeCheck = 1120;
				ORGANIZATIONNAME = "Emilio Schepis";
				TargetAttributes = {
					BC63D6D6237E7655000A3A38 = {
						CreatedOnToolsVersion = 11.2.1;
					};
				};
			};
			buildConfigurationList = BC63D6D2237E7655000A3A38 /* Build configuration list for PBXProject "Bookworm" */;
			compatibilityVersion = "Xcode 9.3";
			developmentRegion = en;
			hasScannedForEncodings = 0;
			knownRegions = (
				en,
				Base,
			);
			mainGroup = BC63D6CE237E7655000A3A38;
			productRefGroup = BC63D6D8237E7655000A3A38 /* Products */;
			projectDirPath = "";
			projectRoot = "";
			targets = (
				BC63D6D6237E7655000A3A38 /* Bookworm */,
			);
		};
/* End PBXProject section */

/* Begin PBXResourcesBuildPhase section */
		BC63D6D5237E7655000A3A38 /* Resources */ = {
			isa = PBXResourcesBuildPhase;
			buildActionMask = 2147483647;
			files = (
				BC63D6EA237E7658000A3A38 /* LaunchScreen.storyboard in Resources */,
				BC63D6E7237E7658000A3A38 /* Preview Assets.xcassets in Resources */,
				BC63D6E4237E7658000A3A38 /* Assets.xcassets in Resources */,
			);
			runOnlyForDeploymentPostprocessing = 0;
		};
/* End PBXResourcesBuildPhase section */

/* Begin PBXSourcesBuildPhase section */
		BC63D6D3237E7655000A3A38 /* Sources */ = {
			isa = PBXSourcesBuildPhase;
			buildActionMask = 2147483647;
			files = (
				BC63D6DB237E7655000A3A38 /* AppDelegate.swift in Sources */,
				BCCE4D31238333CA00F68DEB /* DetailView.swift in Sources */,
				BC63D6E0237E7655000A3A38 /* Bookworm.xcdatamodeld in Sources */,
				BCCE4D2F23832F2E00F68DEB /* EmojiRatingView.swift in Sources */,
				BC63D6E2237E7655000A3A38 /* ContentView.swift in Sources */,
				BCCE4D2D23832DA500F68DEB /* RatingView.swift in Sources */,
				BC63D6DD237E7655000A3A38 /* SceneDelegate.swift in Sources */,
				BCCE4D2B2383245600F68DEB /* AddBookView.swift in Sources */,
			);
			runOnlyForDeploymentPostprocessing = 0;
		};
/* End PBXSourcesBuildPhase section */

/* Begin PBXVariantGroup section */
		BC63D6E8237E7658000A3A38 /* LaunchScreen.storyboard */ = {
			isa = PBXVariantGroup;
			children = (
				BC63D6E9237E7658000A3A38 /* Base */,
			);
			name = LaunchScreen.storyboard;
			sourceTree = "<group>";
		};
/* End PBXVariantGroup section */

/* Begin XCBuildConfiguration section */
		BC63D6EC237E7658000A3A38 /* Debug */ = {
			isa = XCBuildConfiguration;
			buildSettings = {
				ALWAYS_SEARCH_USER_PATHS = NO;
				CLANG_ANALYZER_NONNULL = YES;
				CLANG_ANALYZER_NUMBER_OBJECT_CONVERSION = YES_AGGRESSIVE;
				CLANG_CXX_LANGUAGE_STANDARD = "gnu++14";
				CLANG_CXX_LIBRARY = "libc++";
				CLANG_ENABLE_MODULES = YES;
				CLANG_ENABLE_OBJC_ARC = YES;
				CLANG_ENABLE_OBJC_WEAK = YES;
				CLANG_WARN_BLOCK_CAPTURE_AUTORELEASING = YES;
				CLANG_WARN_BOOL_CONVERSION = YES;
				CLANG_WARN_COMMA = YES;
				CLANG_WARN_CONSTANT_CONVERSION = YES;
				CLANG_WARN_DEPRECATED_OBJC_IMPLEMENTATIONS = YES;
				CLANG_WARN_DIRECT_OBJC_ISA_USAGE = YES_ERROR;
				CLANG_WARN_DOCUMENTATION_COMMENTS = YES;
				CLANG_WARN_EMPTY_BODY = YES;
				CLANG_WARN_ENUM_CONVERSION = YES;
				CLANG_WARN_INFINITE_RECURSION = YES;
				CLANG_WARN_INT_CONVERSION = YES;
				CLANG_WARN_NON_LITERAL_NULL_CONVERSION = YES;
				CLANG_WARN_OBJC_IMPLICIT_RETAIN_SELF = YES;
				CLANG_WARN_OBJC_LITERAL_CONVERSION = YES;
				CLANG_WARN_OBJC_ROOT_CLASS = YES_ERROR;
				CLANG_WARN_RANGE_LOOP_ANALYSIS = YES;
				CLANG_WARN_STRICT_PROTOTYPES = YES;
				CLANG_WARN_SUSPICIOUS_MOVE = YES;
				CLANG_WARN_UNGUARDED_AVAILABILITY = YES_AGGRESSIVE;
				CLANG_WARN_UNREACHABLE_CODE = YES;
				CLANG_WARN__DUPLICATE_METHOD_MATCH = YES;
				COPY_PHASE_STRIP = NO;
				DEBUG_INFORMATION_FORMAT = dwarf;
				ENABLE_STRICT_OBJC_MSGSEND = YES;
				ENABLE_TESTABILITY = YES;
				GCC_C_LANGUAGE_STANDARD = gnu11;
				GCC_DYNAMIC_NO_PIC = NO;
				GCC_NO_COMMON_BLOCKS = YES;
				GCC_OPTIMIZATION_LEVEL = 0;
				GCC_PREPROCESSOR_DEFINITIONS = (
					"DEBUG=1",
					"$(inherited)",
				);
				GCC_WARN_64_TO_32_BIT_CONVERSION = YES;
				GCC_WARN_ABOUT_RETURN_TYPE = YES_ERROR;
				GCC_WARN_UNDECLARED_SELECTOR = YES;
				GCC_WARN_UNINITIALIZED_AUTOS = YES_AGGRESSIVE;
				GCC_WARN_UNUSED_FUNCTION = YES;
				GCC_WARN_UNUSED_VARIABLE = YES;
				IPHONEOS_DEPLOYMENT_TARGET = 13.2;
				MTL_ENABLE_DEBUG_INFO = INCLUDE_SOURCE;
				MTL_FAST_MATH = YES;
				ONLY_ACTIVE_ARCH = YES;
				SDKROOT = iphoneos;
				SWIFT_ACTIVE_COMPILATION_CONDITIONS = DEBUG;
				SWIFT_OPTIMIZATION_LEVEL = "-Onone";
			};
			name = Debug;
		};
		BC63D6ED237E7658000A3A38 /* Release */ = {
			isa = XCBuildConfiguration;
			buildSettings = {
				ALWAYS_SEARCH_USER_PATHS = NO;
				CLANG_ANALYZER_NONNULL = YES;
				CLANG_ANALYZER_NUMBER_OBJECT_CONVERSION = YES_AGGRESSIVE;
				CLANG_CXX_LANGUAGE_STANDARD = "gnu++14";
				CLANG_CXX_LIBRARY = "libc++";
				CLANG_ENABLE_MODULES = YES;
				CLANG_ENABLE_OBJC_ARC = YES;
				CLANG_ENABLE_OBJC_WEAK = YES;
				CLANG_WARN_BLOCK_CAPTURE_AUTORELEASING = YES;
				CLANG_WARN_BOOL_CONVERSION = YES;
				CLANG_WARN_COMMA = YES;
				CLANG_WARN_CONSTANT_CONVERSION = YES;
				CLANG_WARN_DEPRECATED_OBJC_IMPLEMENTATIONS = YES;
				CLANG_WARN_DIRECT_OBJC_ISA_USAGE = YES_ERROR;
				CLANG_WARN_DOCUMENTATION_COMMENTS = YES;
				CLANG_WARN_EMPTY_BODY = YES;
				CLANG_WARN_ENUM_CONVERSION = YES;
				CLANG_WARN_INFINITE_RECURSION = YES;
				CLANG_WARN_INT_CONVERSION = YES;
				CLANG_WARN_NON_LITERAL_NULL_CONVERSION = YES;
				CLANG_WARN_OBJC_IMPLICIT_RETAIN_SELF = YES;
				CLANG_WARN_OBJC_LITERAL_CONVERSION = YES;
				CLANG_WARN_OBJC_ROOT_CLASS = YES_ERROR;
				CLANG_WARN_RANGE_LOOP_ANALYSIS = YES;
				CLANG_WARN_STRICT_PROTOTYPES = YES;
				CLANG_WARN_SUSPICIOUS_MOVE = YES;
				CLANG_WARN_UNGUARDED_AVAILABILITY = YES_AGGRESSIVE;
				CLANG_WARN_UNREACHABLE_CODE = YES;
				CLANG_WARN__DUPLICATE_METHOD_MATCH = YES;
				COPY_PHASE_STRIP = NO;
				DEBUG_INFORMATION_FORMAT = "dwarf-with-dsym";
				ENABLE_NS_ASSERTIONS = NO;
				ENABLE_STRICT_OBJC_MSGSEND = YES;
				GCC_C_LANGUAGE_STANDARD = gnu11;
				GCC_NO_COMMON_BLOCKS = YES;
				GCC_WARN_64_TO_32_BIT_CONVERSION = YES;
				GCC_WARN_ABOUT_RETURN_TYPE = YES_ERROR;
				GCC_WARN_UNDECLARED_SELECTOR = YES;
				GCC_WARN_UNINITIALIZED_AUTOS = YES_AGGRESSIVE;
				GCC_WARN_UNUSED_FUNCTION = YES;
				GCC_WARN_UNUSED_VARIABLE = YES;
				IPHONEOS_DEPLOYMENT_TARGET = 13.2;
				MTL_ENABLE_DEBUG_INFO = NO;
				MTL_FAST_MATH = YES;
				SDKROOT = iphoneos;
				SWIFT_COMPILATION_MODE = wholemodule;
				SWIFT_OPTIMIZATION_LEVEL = "-O";
				VALIDATE_PRODUCT = YES;
			};
			name = Release;
		};
		BC63D6EF237E7658000A3A38 /* Debug */ = {
			isa = XCBuildConfiguration;
			buildSettings = {
				ASSETCATALOG_COMPILER_APPICON_NAME = AppIcon;
				CODE_SIGN_STYLE = Automatic;
				DEVELOPMENT_ASSET_PATHS = "\"Bookworm/Preview Content\"";
				ENABLE_PREVIEWS = YES;
				INFOPLIST_FILE = Bookworm/Info.plist;
				LD_RUNPATH_SEARCH_PATHS = (
					"$(inherited)",
					"@executable_path/Frameworks",
				);
				PRODUCT_BUNDLE_IDENTIFIER = com.emilioschepis.100daysofswiftui.Bookworm;
				PRODUCT_NAME = "$(TARGET_NAME)";
				SWIFT_VERSION = 5.0;
				TARGETED_DEVICE_FAMILY = "1,2";
			};
			name = Debug;
		};
		BC63D6F0237E7658000A3A38 /* Release */ = {
			isa = XCBuildConfiguration;
			buildSettings = {
				ASSETCATALOG_COMPILER_APPICON_NAME = AppIcon;
				CODE_SIGN_STYLE = Automatic;
				DEVELOPMENT_ASSET_PATHS = "\"Bookworm/Preview Content\"";
				ENABLE_PREVIEWS = YES;
				INFOPLIST_FILE = Bookworm/Info.plist;
				LD_RUNPATH_SEARCH_PATHS = (
					"$(inherited)",
					"@executable_path/Frameworks",
				);
				PRODUCT_BUNDLE_IDENTIFIER = com.emilioschepis.100daysofswiftui.Bookworm;
				PRODUCT_NAME = "$(TARGET_NAME)";
				SWIFT_VERSION = 5.0;
				TARGETED_DEVICE_FAMILY = "1,2";
			};
			name = Release;
		};
/* End XCBuildConfiguration section */

/* Begin XCConfigurationList section */
		BC63D6D2237E7655000A3A38 /* Build configuration list for PBXProject "Bookworm" */ = {
			isa = XCConfigurationList;
			buildConfigurations = (
				BC63D6EC237E7658000A3A38 /* Debug */,
				BC63D6ED237E7658000A3A38 /* Release */,
			);
			defaultConfigurationIsVisible = 0;
			defaultConfigurationName = Release;
		};
		BC63D6EE237E7658000A3A38 /* Build configuration list for PBXNativeTarget "Bookworm" */ = {
			isa = XCConfigurationList;
			buildConfigurations = (
				BC63D6EF237E7658000A3A38 /* Debug */,
				BC63D6F0237E7658000A3A38 /* Release */,
			);
			defaultConfigurationIsVisible = 0;
			defaultConfigurationName = Release;
		};
/* End XCConfigurationList section */

/* Begin XCVersionGroup section */
		BC63D6DE237E7655000A3A38 /* Bookworm.xcdatamodeld */ = {
			isa = XCVersionGroup;
			children = (
				BC63D6DF237E7655000A3A38 /* Bookworm.xcdatamodel */,
			);
			currentVersion = BC63D6DF237E7655000A3A38 /* Bookworm.xcdatamodel */;
			path = Bookworm.xcdatamodeld;
			sourceTree = "<group>";
			versionGroupType = wrapper.xcdatamodel;
		};
/* End XCVersionGroup section */
	};
	rootObject = BC63D6CF237E7655000A3A38 /* Project object */;
}
