// !$*UTF8*$!
{
	archiveVersion = 1;
	classes = {
	};
	objectVersion = 50;
	objects = {

/* Begin PBXBuildFile section */
		BC6CE017236AA91900CAA520 /* AppDelegate.swift in Sources */ = {isa = PBXBuildFile; fileRef = BC6CE016236AA91900CAA520 /* AppDelegate.swift */; };
		BC6CE019236AA91900CAA520 /* SceneDelegate.swift in Sources */ = {isa = PBXBuildFile; fileRef = BC6CE018236AA91900CAA520 /* SceneDelegate.swift */; };
		BC6CE01B236AA91900CAA520 /* ContentView.swift in Sources */ = {isa = PBXBuildFile; fileRef = BC6CE01A236AA91900CAA520 /* ContentView.swift */; };
		BC6CE01D236AA92000CAA520 /* Assets.xcassets in Resources */ = {isa = PBXBuildFile; fileRef = BC6CE01C236AA92000CAA520 /* Assets.xcassets */; };
		BC6CE020236AA92000CAA520 /* Preview Assets.xcassets in Resources */ = {isa = PBXBuildFile; fileRef = BC6CE01F236AA92000CAA520 /* Preview Assets.xcassets */; };
		BC6CE023236AA92000CAA520 /* LaunchScreen.storyboard in Resources */ = {isa = PBXBuildFile; fileRef = BC6CE021236AA92000CAA520 /* LaunchScreen.storyboard */; };
		BC944FDD236C14820038576F /* ExpenseItem.swift in Sources */ = {isa = PBXBuildFile; fileRef = BC944FDC236C14820038576F /* ExpenseItem.swift */; };
		BC944FDF236C14C80038576F /* Expenses.swift in Sources */ = {isa = PBXBuildFile; fileRef = BC944FDE236C14C80038576F /* Expenses.swift */; };
		BCBDCF3A236DF42A00134EA8 /* AddView.swift in Sources */ = {isa = PBXBuildFile; fileRef = BCBDCF39236DF42A00134EA8 /* AddView.swift */; };
/* End PBXBuildFile section */

/* Begin PBXFileReference section */
		BC6CE013236AA91900CAA520 /* iExpense.app */ = {isa = PBXFileReference; explicitFileType = wrapper.application; includeInIndex = 0; path = iExpense.app; sourceTree = BUILT_PRODUCTS_DIR; };
		BC6CE016236AA91900CAA520 /* AppDelegate.swift */ = {isa = PBXFileReference; lastKnownFileType = sourcecode.swift; path = AppDelegate.swift; sourceTree = "<group>"; };
		BC6CE018236AA91900CAA520 /* SceneDelegate.swift */ = {isa = PBXFileReference; lastKnownFileType = sourcecode.swift; path = SceneDelegate.swift; sourceTree = "<group>"; };
		BC6CE01A236AA91900CAA520 /* ContentView.swift */ = {isa = PBXFileReference; lastKnownFileType = sourcecode.swift; path = ContentView.swift; sourceTree = "<group>"; };
		BC6CE01C236AA92000CAA520 /* Assets.xcassets */ = {isa = PBXFileReference; lastKnownFileType = folder.assetcatalog; path = Assets.xcassets; sourceTree = "<group>"; };
		BC6CE01F236AA92000CAA520 /* Preview Assets.xcassets */ = {isa = PBXFileReference; lastKnownFileType = folder.assetcatalog; path = "Preview Assets.xcassets"; sourceTree = "<group>"; };
		BC6CE022236AA92000CAA520 /* Base */ = {isa = PBXFileReference; lastKnownFileType = file.storyboard; name = Base; path = Base.lproj/LaunchScreen.storyboard; sourceTree = "<group>"; };
		BC6CE024236AA92000CAA520 /* Info.plist */ = {isa = PBXFileReference; lastKnownFileType = text.plist.xml; path = Info.plist; sourceTree = "<group>"; };
		BC944FDC236C14820038576F /* ExpenseItem.swift */ = {isa = PBXFileReference; lastKnownFileType = sourcecode.swift; path = ExpenseItem.swift; sourceTree = "<group>"; };
		BC944FDE236C14C80038576F /* Expenses.swift */ = {isa = PBXFileReference; lastKnownFileType = sourcecode.swift; path = Expenses.swift; sourceTree = "<group>"; };
		BCBDCF39236DF42A00134EA8 /* AddView.swift */ = {isa = PBXFileReference; lastKnownFileType = sourcecode.swift; path = AddView.swift; sourceTree = "<group>"; };
/* End PBXFileReference section */

/* Begin PBXFrameworksBuildPhase section */
		BC6CE010236AA91900CAA520 /* Frameworks */ = {
			isa = PBXFrameworksBuildPhase;
			buildActionMask = 2147483647;
			files = (
			);
			runOnlyForDeploymentPostprocessing = 0;
		};
/* End PBXFrameworksBuildPhase section */

/* Begin PBXGroup section */
		BC6CE00A236AA91900CAA520 = {
			isa = PBXGroup;
			children = (
				BC6CE015236AA91900CAA520 /* iExpense */,
				BC6CE014236AA91900CAA520 /* Products */,
			);
			sourceTree = "<group>";
		};
		BC6CE014236AA91900CAA520 /* Products */ = {
			isa = PBXGroup;
			children = (
				BC6CE013236AA91900CAA520 /* iExpense.app */,
			);
			name = Products;
			sourceTree = "<group>";
		};
		BC6CE015236AA91900CAA520 /* iExpense */ = {
			isa = PBXGroup;
			children = (
				BC944FDB236C14750038576F /* Models */,
				BC944FDA236C14670038576F /* Views */,
				BC6CE016236AA91900CAA520 /* AppDelegate.swift */,
				BC6CE018236AA91900CAA520 /* SceneDelegate.swift */,
				BC6CE01A236AA91900CAA520 /* ContentView.swift */,
				BC6CE01C236AA92000CAA520 /* Assets.xcassets */,
				BC6CE021236AA92000CAA520 /* LaunchScreen.storyboard */,
				BC6CE024236AA92000CAA520 /* Info.plist */,
				BC6CE01E236AA92000CAA520 /* Preview Content */,
			);
			path = iExpense;
			sourceTree = "<group>";
		};
		BC6CE01E236AA92000CAA520 /* Preview Content */ = {
			isa = PBXGroup;
			children = (
				BC6CE01F236AA92000CAA520 /* Preview Assets.xcassets */,
			);
			path = "Preview Content";
			sourceTree = "<group>";
		};
		BC944FDA236C14670038576F /* Views */ = {
			isa = PBXGroup;
			children = (
				BCBDCF39236DF42A00134EA8 /* AddView.swift */,
			);
			path = Views;
			sourceTree = "<group>";
		};
		BC944FDB236C14750038576F /* Models */ = {
			isa = PBXGroup;
			children = (
				BC944FDC236C14820038576F /* ExpenseItem.swift */,
				BC944FDE236C14C80038576F /* Expenses.swift */,
			);
			path = Models;
			sourceTree = "<group>";
		};
/* End PBXGroup section */

/* Begin PBXNativeTarget section */
		BC6CE012236AA91900CAA520 /* iExpense */ = {
			isa = PBXNativeTarget;
			buildConfigurationList = BC6CE027236AA92000CAA520 /* Build configuration list for PBXNativeTarget "iExpense" */;
			buildPhases = (
				BC6CE00F236AA91900CAA520 /* Sources */,
				BC6CE010236AA91900CAA520 /* Frameworks */,
				BC6CE011236AA91900CAA520 /* Resources */,
			);
			buildRules = (
			);
			dependencies = (
			);
			name = iExpense;
			productName = iExpense;
			productReference = BC6CE013236AA91900CAA520 /* iExpense.app */;
			productType = "com.apple.product-type.application";
		};
/* End PBXNativeTarget section */

/* Begin PBXProject section */
		BC6CE00B236AA91900CAA520 /* Project object */ = {
			isa = PBXProject;
			attributes = {
				LastSwiftUpdateCheck = 1110;
				LastUpgradeCheck = 1110;
				ORGANIZATIONNAME = "Emilio Schepis";
				TargetAttributes = {
					BC6CE012236AA91900CAA520 = {
						CreatedOnToolsVersion = 11.1;
					};
				};
			};
			buildConfigurationList = BC6CE00E236AA91900CAA520 /* Build configuration list for PBXProject "iExpense" */;
			compatibilityVersion = "Xcode 9.3";
			developmentRegion = en;
			hasScannedForEncodings = 0;
			knownRegions = (
				en,
				Base,
			);
			mainGroup = BC6CE00A236AA91900CAA520;
			productRefGroup = BC6CE014236AA91900CAA520 /* Products */;
			projectDirPath = "";
			projectRoot = "";
			targets = (
				BC6CE012236AA91900CAA520 /* iExpense */,
			);
		};
/* End PBXProject section */

/* Begin PBXResourcesBuildPhase section */
		BC6CE011236AA91900CAA520 /* Resources */ = {
			isa = PBXResourcesBuildPhase;
			buildActionMask = 2147483647;
			files = (
				BC6CE023236AA92000CAA520 /* LaunchScreen.storyboard in Resources */,
				BC6CE020236AA92000CAA520 /* Preview Assets.xcassets in Resources */,
				BC6CE01D236AA92000CAA520 /* Assets.xcassets in Resources */,
			);
			runOnlyForDeploymentPostprocessing = 0;
		};
/* End PBXResourcesBuildPhase section */

/* Begin PBXSourcesBuildPhase section */
		BC6CE00F236AA91900CAA520 /* Sources */ = {
			isa = PBXSourcesBuildPhase;
			buildActionMask = 2147483647;
			files = (
				BC944FDF236C14C80038576F /* Expenses.swift in Sources */,
				BC6CE017236AA91900CAA520 /* AppDelegate.swift in Sources */,
				BCBDCF3A236DF42A00134EA8 /* AddView.swift in Sources */,
				BC6CE019236AA91900CAA520 /* SceneDelegate.swift in Sources */,
				BC6CE01B236AA91900CAA520 /* ContentView.swift in Sources */,
				BC944FDD236C14820038576F /* ExpenseItem.swift in Sources */,
			);
			runOnlyForDeploymentPostprocessing = 0;
		};
/* End PBXSourcesBuildPhase section */

/* Begin PBXVariantGroup section */
		BC6CE021236AA92000CAA520 /* LaunchScreen.storyboard */ = {
			isa = PBXVariantGroup;
			children = (
				BC6CE022236AA92000CAA520 /* Base */,
			);
			name = LaunchScreen.storyboard;
			sourceTree = "<group>";
		};
/* End PBXVariantGroup section */

/* Begin XCBuildConfiguration section */
		BC6CE025236AA92000CAA520 /* Debug */ = {
			isa = XCBuildConfiguration;
			buildSettings = {
				ALWAYS_SEARCH_USER_PATHS = NO;
				CLANG_ANALYZER_NONNULL = YES;
				CLANG_ANALYZER_NUMBER_OBJECT_CONVERSION = YES_AGGRESSIVE;
				CLANG_CXX_LANGUAGE_STANDARD = "gnu++14";
				CLANG_CXX_LIBRARY = "libc++";
				CLANG_ENABLE_MODULES = YES;
				CLANG_ENABLE_OBJC_ARC = YES;
				CLANG_ENABLE_OBJC_WEAK = YES;
				CLANG_WARN_BLOCK_CAPTURE_AUTORELEASING = YES;
				CLANG_WARN_BOOL_CONVERSION = YES;
				CLANG_WARN_COMMA = YES;
				CLANG_WARN_CONSTANT_CONVERSION = YES;
				CLANG_WARN_DEPRECATED_OBJC_IMPLEMENTATIONS = YES;
				CLANG_WARN_DIRECT_OBJC_ISA_USAGE = YES_ERROR;
				CLANG_WARN_DOCUMENTATION_COMMENTS = YES;
				CLANG_WARN_EMPTY_BODY = YES;
				CLANG_WARN_ENUM_CONVERSION = YES;
				CLANG_WARN_INFINITE_RECURSION = YES;
				CLANG_WARN_INT_CONVERSION = YES;
				CLANG_WARN_NON_LITERAL_NULL_CONVERSION = YES;
				CLANG_WARN_OBJC_IMPLICIT_RETAIN_SELF = YES;
				CLANG_WARN_OBJC_LITERAL_CONVERSION = YES;
				CLANG_WARN_OBJC_ROOT_CLASS = YES_ERROR;
				CLANG_WARN_RANGE_LOOP_ANALYSIS = YES;
				CLANG_WARN_STRICT_PROTOTYPES = YES;
				CLANG_WARN_SUSPICIOUS_MOVE = YES;
				CLANG_WARN_UNGUARDED_AVAILABILITY = YES_AGGRESSIVE;
				CLANG_WARN_UNREACHABLE_CODE = YES;
				CLANG_WARN__DUPLICATE_METHOD_MATCH = YES;
				COPY_PHASE_STRIP = NO;
				DEBUG_INFORMATION_FORMAT = dwarf;
				ENABLE_STRICT_OBJC_MSGSEND = YES;
				ENABLE_TESTABILITY = YES;
				GCC_C_LANGUAGE_STANDARD = gnu11;
				GCC_DYNAMIC_NO_PIC = NO;
				GCC_NO_COMMON_BLOCKS = YES;
				GCC_OPTIMIZATION_LEVEL = 0;
				GCC_PREPROCESSOR_DEFINITIONS = (
					"DEBUG=1",
					"$(inherited)",
				);
				GCC_WARN_64_TO_32_BIT_CONVERSION = YES;
				GCC_WARN_ABOUT_RETURN_TYPE = YES_ERROR;
				GCC_WARN_UNDECLARED_SELECTOR = YES;
				GCC_WARN_UNINITIALIZED_AUTOS = YES_AGGRESSIVE;
				GCC_WARN_UNUSED_FUNCTION = YES;
				GCC_WARN_UNUSED_VARIABLE = YES;
				IPHONEOS_DEPLOYMENT_TARGET = 13.1;
				MTL_ENABLE_DEBUG_INFO = INCLUDE_SOURCE;
				MTL_FAST_MATH = YES;
				ONLY_ACTIVE_ARCH = YES;
				SDKROOT = iphoneos;
				SWIFT_ACTIVE_COMPILATION_CONDITIONS = DEBUG;
				SWIFT_OPTIMIZATION_LEVEL = "-Onone";
			};
			name = Debug;
		};
		BC6CE026236AA92000CAA520 /* Release */ = {
			isa = XCBuildConfiguration;
			buildSettings = {
				ALWAYS_SEARCH_USER_PATHS = NO;
				CLANG_ANALYZER_NONNULL = YES;
				CLANG_ANALYZER_NUMBER_OBJECT_CONVERSION = YES_AGGRESSIVE;
				CLANG_CXX_LANGUAGE_STANDARD = "gnu++14";
				CLANG_CXX_LIBRARY = "libc++";
				CLANG_ENABLE_MODULES = YES;
				CLANG_ENABLE_OBJC_ARC = YES;
				CLANG_ENABLE_OBJC_WEAK = YES;
				CLANG_WARN_BLOCK_CAPTURE_AUTORELEASING = YES;
				CLANG_WARN_BOOL_CONVERSION = YES;
				CLANG_WARN_COMMA = YES;
				CLANG_WARN_CONSTANT_CONVERSION = YES;
				CLANG_WARN_DEPRECATED_OBJC_IMPLEMENTATIONS = YES;
				CLANG_WARN_DIRECT_OBJC_ISA_USAGE = YES_ERROR;
				CLANG_WARN_DOCUMENTATION_COMMENTS = YES;
				CLANG_WARN_EMPTY_BODY = YES;
				CLANG_WARN_ENUM_CONVERSION = YES;
				CLANG_WARN_INFINITE_RECURSION = YES;
				CLANG_WARN_INT_CONVERSION = YES;
				CLANG_WARN_NON_LITERAL_NULL_CONVERSION = YES;
				CLANG_WARN_OBJC_IMPLICIT_RETAIN_SELF = YES;
				CLANG_WARN_OBJC_LITERAL_CONVERSION = YES;
				CLANG_WARN_OBJC_ROOT_CLASS = YES_ERROR;
				CLANG_WARN_RANGE_LOOP_ANALYSIS = YES;
				CLANG_WARN_STRICT_PROTOTYPES = YES;
				CLANG_WARN_SUSPICIOUS_MOVE = YES;
				CLANG_WARN_UNGUARDED_AVAILABILITY = YES_AGGRESSIVE;
				CLANG_WARN_UNREACHABLE_CODE = YES;
				CLANG_WARN__DUPLICATE_METHOD_MATCH = YES;
				COPY_PHASE_STRIP = NO;
				DEBUG_INFORMATION_FORMAT = "dwarf-with-dsym";
				ENABLE_NS_ASSERTIONS = NO;
				ENABLE_STRICT_OBJC_MSGSEND = YES;
				GCC_C_LANGUAGE_STANDARD = gnu11;
				GCC_NO_COMMON_BLOCKS = YES;
				GCC_WARN_64_TO_32_BIT_CONVERSION = YES;
				GCC_WARN_ABOUT_RETURN_TYPE = YES_ERROR;
				GCC_WARN_UNDECLARED_SELECTOR = YES;
				GCC_WARN_UNINITIALIZED_AUTOS = YES_AGGRESSIVE;
				GCC_WARN_UNUSED_FUNCTION = YES;
				GCC_WARN_UNUSED_VARIABLE = YES;
				IPHONEOS_DEPLOYMENT_TARGET = 13.1;
				MTL_ENABLE_DEBUG_INFO = NO;
				MTL_FAST_MATH = YES;
				SDKROOT = iphoneos;
				SWIFT_COMPILATION_MODE = wholemodule;
				SWIFT_OPTIMIZATION_LEVEL = "-O";
				VALIDATE_PRODUCT = YES;
			};
			name = Release;
		};
		BC6CE028236AA92000CAA520 /* Debug */ = {
			isa = XCBuildConfiguration;
			buildSettings = {
				ASSETCATALOG_COMPILER_APPICON_NAME = AppIcon;
				CODE_SIGN_STYLE = Automatic;
				DEVELOPMENT_ASSET_PATHS = "\"iExpense/Preview Content\"";
				ENABLE_PREVIEWS = YES;
				INFOPLIST_FILE = iExpense/Info.plist;
				LD_RUNPATH_SEARCH_PATHS = (
					"$(inherited)",
					"@executable_path/Frameworks",
				);
				PRODUCT_BUNDLE_IDENTIFIER = com.emilioschepis.100daysofswiftui.iExpense;
				PRODUCT_NAME = "$(TARGET_NAME)";
				SWIFT_VERSION = 5.0;
				TARGETED_DEVICE_FAMILY = "1,2";
			};
			name = Debug;
		};
		BC6CE029236AA92000CAA520 /* Release */ = {
			isa = XCBuildConfiguration;
			buildSettings = {
				ASSETCATALOG_COMPILER_APPICON_NAME = AppIcon;
				CODE_SIGN_STYLE = Automatic;
				DEVELOPMENT_ASSET_PATHS = "\"iExpense/Preview Content\"";
				ENABLE_PREVIEWS = YES;
				INFOPLIST_FILE = iExpense/Info.plist;
				LD_RUNPATH_SEARCH_PATHS = (
					"$(inherited)",
					"@executable_path/Frameworks",
				);
				PRODUCT_BUNDLE_IDENTIFIER = com.emilioschepis.100daysofswiftui.iExpense;
				PRODUCT_NAME = "$(TARGET_NAME)";
				SWIFT_VERSION = 5.0;
				TARGETED_DEVICE_FAMILY = "1,2";
			};
			name = Release;
		};
/* End XCBuildConfiguration section */

/* Begin XCConfigurationList section */
		BC6CE00E236AA91900CAA520 /* Build configuration list for PBXProject "iExpense" */ = {
			isa = XCConfigurationList;
			buildConfigurations = (
				BC6CE025236AA92000CAA520 /* Debug */,
				BC6CE026236AA92000CAA520 /* Release */,
			);
			defaultConfigurationIsVisible = 0;
			defaultConfigurationName = Release;
		};
		BC6CE027236AA92000CAA520 /* Build configuration list for PBXNativeTarget "iExpense" */ = {
			isa = XCConfigurationList;
			buildConfigurations = (
				BC6CE028236AA92000CAA520 /* Debug */,
				BC6CE029236AA92000CAA520 /* Release */,
			);
			defaultConfigurationIsVisible = 0;
			defaultConfigurationName = Release;
		};
/* End XCConfigurationList section */
	};
	rootObject = BC6CE00B236AA91900CAA520 /* Project object */;
}
