// !$*UTF8*$!
{
	archiveVersion = 1;
	classes = {
	};
	objectVersion = 50;
	objects = {

/* Begin PBXBuildFile section */
		BC5F86382394528E00DBADFF /* AppDelegate.swift in Sources */ = {isa = PBXBuildFile; fileRef = BC5F86372394528E00DBADFF /* AppDelegate.swift */; };
		BC5F863A2394528E00DBADFF /* SceneDelegate.swift in Sources */ = {isa = PBXBuildFile; fileRef = BC5F86392394528E00DBADFF /* SceneDelegate.swift */; };
		BC5F863D2394528F00DBADFF /* FriendFace.xcdatamodeld in Sources */ = {isa = PBXBuildFile; fileRef = BC5F863B2394528F00DBADFF /* FriendFace.xcdatamodeld */; };
		BC5F863F2394528F00DBADFF /* ContentView.swift in Sources */ = {isa = PBXBuildFile; fileRef = BC5F863E2394528F00DBADFF /* ContentView.swift */; };
		BC5F86412394529400DBADFF /* Assets.xcassets in Resources */ = {isa = PBXBuildFile; fileRef = BC5F86402394529400DBADFF /* Assets.xcassets */; };
		BC5F86442394529400DBADFF /* Preview Assets.xcassets in Resources */ = {isa = PBXBuildFile; fileRef = BC5F86432394529400DBADFF /* Preview Assets.xcassets */; };
		BC5F86472394529400DBADFF /* LaunchScreen.storyboard in Resources */ = {isa = PBXBuildFile; fileRef = BC5F86452394529400DBADFF /* LaunchScreen.storyboard */; };
		BC5F86532394542D00DBADFF /* Friend+CoreDataClass.swift in Sources */ = {isa = PBXBuildFile; fileRef = BC5F864F2394542D00DBADFF /* Friend+CoreDataClass.swift */; };
		BC5F86542394542D00DBADFF /* Friend+CoreDataProperties.swift in Sources */ = {isa = PBXBuildFile; fileRef = BC5F86502394542D00DBADFF /* Friend+CoreDataProperties.swift */; };
		BC5F86552394542D00DBADFF /* User+CoreDataClass.swift in Sources */ = {isa = PBXBuildFile; fileRef = BC5F86512394542D00DBADFF /* User+CoreDataClass.swift */; };
		BC5F86562394542D00DBADFF /* User+CoreDataProperties.swift in Sources */ = {isa = PBXBuildFile; fileRef = BC5F86522394542D00DBADFF /* User+CoreDataProperties.swift */; };
		BC5F86592394554F00DBADFF /* ContentViewModel.swift in Sources */ = {isa = PBXBuildFile; fileRef = BC5F86582394554F00DBADFF /* ContentViewModel.swift */; };
		BC5F865C23945A5400DBADFF /* UserRowView.swift in Sources */ = {isa = PBXBuildFile; fileRef = BC5F865B23945A5400DBADFF /* UserRowView.swift */; };
		BC5F865E23945ADF00DBADFF /* UserActivityView.swift in Sources */ = {isa = PBXBuildFile; fileRef = BC5F865D23945ADF00DBADFF /* UserActivityView.swift */; };
		BC5F866023945B9200DBADFF /* UserDetailView.swift in Sources */ = {isa = PBXBuildFile; fileRef = BC5F865F23945B9200DBADFF /* UserDetailView.swift */; };
		BC5F866223945F4200DBADFF /* UserFriendsListView.swift in Sources */ = {isa = PBXBuildFile; fileRef = BC5F866123945F4200DBADFF /* UserFriendsListView.swift */; };
		BC5F86662394680700DBADFF /* UserTagsListView.swift in Sources */ = {isa = PBXBuildFile; fileRef = BC5F86652394680700DBADFF /* UserTagsListView.swift */; };
/* End PBXBuildFile section */

/* Begin PBXFileReference section */
		BC5F86342394528E00DBADFF /* FriendFace.app */ = {isa = PBXFileReference; explicitFileType = wrapper.application; includeInIndex = 0; path = FriendFace.app; sourceTree = BUILT_PRODUCTS_DIR; };
		BC5F86372394528E00DBADFF /* AppDelegate.swift */ = {isa = PBXFileReference; lastKnownFileType = sourcecode.swift; path = AppDelegate.swift; sourceTree = "<group>"; };
		BC5F86392394528E00DBADFF /* SceneDelegate.swift */ = {isa = PBXFileReference; lastKnownFileType = sourcecode.swift; path = SceneDelegate.swift; sourceTree = "<group>"; };
		BC5F863C2394528F00DBADFF /* FriendFace.xcdatamodel */ = {isa = PBXFileReference; lastKnownFileType = wrapper.xcdatamodel; path = FriendFace.xcdatamodel; sourceTree = "<group>"; };
		BC5F863E2394528F00DBADFF /* ContentView.swift */ = {isa = PBXFileReference; lastKnownFileType = sourcecode.swift; path = ContentView.swift; sourceTree = "<group>"; };
		BC5F86402394529400DBADFF /* Assets.xcassets */ = {isa = PBXFileReference; lastKnownFileType = folder.assetcatalog; path = Assets.xcassets; sourceTree = "<group>"; };
		BC5F86432394529400DBADFF /* Preview Assets.xcassets */ = {isa = PBXFileReference; lastKnownFileType = folder.assetcatalog; path = "Preview Assets.xcassets"; sourceTree = "<group>"; };
		BC5F86462394529400DBADFF /* Base */ = {isa = PBXFileReference; lastKnownFileType = file.storyboard; name = Base; path = Base.lproj/LaunchScreen.storyboard; sourceTree = "<group>"; };
		BC5F86482394529400DBADFF /* Info.plist */ = {isa = PBXFileReference; lastKnownFileType = text.plist.xml; path = Info.plist; sourceTree = "<group>"; };
		BC5F864F2394542D00DBADFF /* Friend+CoreDataClass.swift */ = {isa = PBXFileReference; lastKnownFileType = sourcecode.swift; path = "Friend+CoreDataClass.swift"; sourceTree = "<group>"; };
		BC5F86502394542D00DBADFF /* Friend+CoreDataProperties.swift */ = {isa = PBXFileReference; lastKnownFileType = sourcecode.swift; path = "Friend+CoreDataProperties.swift"; sourceTree = "<group>"; };
		BC5F86512394542D00DBADFF /* User+CoreDataClass.swift */ = {isa = PBXFileReference; lastKnownFileType = sourcecode.swift; path = "User+CoreDataClass.swift"; sourceTree = "<group>"; };
		BC5F86522394542D00DBADFF /* User+CoreDataProperties.swift */ = {isa = PBXFileReference; lastKnownFileType = sourcecode.swift; path = "User+CoreDataProperties.swift"; sourceTree = "<group>"; };
		BC5F86582394554F00DBADFF /* ContentViewModel.swift */ = {isa = PBXFileReference; lastKnownFileType = sourcecode.swift; path = ContentViewModel.swift; sourceTree = "<group>"; };
		BC5F865B23945A5400DBADFF /* UserRowView.swift */ = {isa = PBXFileReference; lastKnownFileType = sourcecode.swift; path = UserRowView.swift; sourceTree = "<group>"; };
		BC5F865D23945ADF00DBADFF /* UserActivityView.swift */ = {isa = PBXFileReference; lastKnownFileType = sourcecode.swift; path = UserActivityView.swift; sourceTree = "<group>"; };
		BC5F865F23945B9200DBADFF /* UserDetailView.swift */ = {isa = PBXFileReference; lastKnownFileType = sourcecode.swift; path = UserDetailView.swift; sourceTree = "<group>"; };
		BC5F866123945F4200DBADFF /* UserFriendsListView.swift */ = {isa = PBXFileReference; lastKnownFileType = sourcecode.swift; path = UserFriendsListView.swift; sourceTree = "<group>"; };
		BC5F86652394680700DBADFF /* UserTagsListView.swift */ = {isa = PBXFileReference; lastKnownFileType = sourcecode.swift; path = UserTagsListView.swift; sourceTree = "<group>"; };
/* End PBXFileReference section */

/* Begin PBXFrameworksBuildPhase section */
		BC5F86312394528E00DBADFF /* Frameworks */ = {
			isa = PBXFrameworksBuildPhase;
			buildActionMask = 2147483647;
			files = (
			);
			runOnlyForDeploymentPostprocessing = 0;
		};
/* End PBXFrameworksBuildPhase section */

/* Begin PBXGroup section */
		BC5F862B2394528E00DBADFF = {
			isa = PBXGroup;
			children = (
				BC5F86362394528E00DBADFF /* FriendFace */,
				BC5F86352394528E00DBADFF /* Products */,
			);
			sourceTree = "<group>";
		};
		BC5F86352394528E00DBADFF /* Products */ = {
			isa = PBXGroup;
			children = (
				BC5F86342394528E00DBADFF /* FriendFace.app */,
			);
			name = Products;
			sourceTree = "<group>";
		};
		BC5F86362394528E00DBADFF /* FriendFace */ = {
			isa = PBXGroup;
			children = (
				BC5F86572394554300DBADFF /* ViewModels */,
				BC5F864E2394541500DBADFF /* Models */,
				BC5F865A23945A4600DBADFF /* Views */,
				BC5F86372394528E00DBADFF /* AppDelegate.swift */,
				BC5F86392394528E00DBADFF /* SceneDelegate.swift */,
				BC5F863E2394528F00DBADFF /* ContentView.swift */,
				BC5F86402394529400DBADFF /* Assets.xcassets */,
				BC5F86452394529400DBADFF /* LaunchScreen.storyboard */,
				BC5F86482394529400DBADFF /* Info.plist */,
				BC5F863B2394528F00DBADFF /* FriendFace.xcdatamodeld */,
				BC5F86422394529400DBADFF /* Preview Content */,
			);
			path = FriendFace;
			sourceTree = "<group>";
		};
		BC5F86422394529400DBADFF /* Preview Content */ = {
			isa = PBXGroup;
			children = (
				BC5F86432394529400DBADFF /* Preview Assets.xcassets */,
			);
			path = "Preview Content";
			sourceTree = "<group>";
		};
		BC5F864E2394541500DBADFF /* Models */ = {
			isa = PBXGroup;
			children = (
				BC5F864F2394542D00DBADFF /* Friend+CoreDataClass.swift */,
				BC5F86502394542D00DBADFF /* Friend+CoreDataProperties.swift */,
				BC5F86512394542D00DBADFF /* User+CoreDataClass.swift */,
				BC5F86522394542D00DBADFF /* User+CoreDataProperties.swift */,
			);
			path = Models;
			sourceTree = "<group>";
		};
		BC5F86572394554300DBADFF /* ViewModels */ = {
			isa = PBXGroup;
			children = (
				BC5F86582394554F00DBADFF /* ContentViewModel.swift */,
			);
			path = ViewModels;
			sourceTree = "<group>";
		};
		BC5F865A23945A4600DBADFF /* Views */ = {
			isa = PBXGroup;
			children = (
				BC5F865B23945A5400DBADFF /* UserRowView.swift */,
				BC5F865D23945ADF00DBADFF /* UserActivityView.swift */,
				BC5F865F23945B9200DBADFF /* UserDetailView.swift */,
				BC5F866123945F4200DBADFF /* UserFriendsListView.swift */,
				BC5F86652394680700DBADFF /* UserTagsListView.swift */,
			);
			path = Views;
			sourceTree = "<group>";
		};
/* End PBXGroup section */

/* Begin PBXNativeTarget section */
		BC5F86332394528E00DBADFF /* FriendFace */ = {
			isa = PBXNativeTarget;
			buildConfigurationList = BC5F864B2394529400DBADFF /* Build configuration list for PBXNativeTarget "FriendFace" */;
			buildPhases = (
				BC5F86302394528E00DBADFF /* Sources */,
				BC5F86312394528E00DBADFF /* Frameworks */,
				BC5F86322394528E00DBADFF /* Resources */,
			);
			buildRules = (
			);
			dependencies = (
			);
			name = FriendFace;
			productName = FriendFace;
			productReference = BC5F86342394528E00DBADFF /* FriendFace.app */;
			productType = "com.apple.product-type.application";
		};
/* End PBXNativeTarget section */

/* Begin PBXProject section */
		BC5F862C2394528E00DBADFF /* Project object */ = {
			isa = PBXProject;
			attributes = {
				LastSwiftUpdateCheck = 1120;
				LastUpgradeCheck = 1120;
				ORGANIZATIONNAME = "Emilio Schepis";
				TargetAttributes = {
					BC5F86332394528E00DBADFF = {
						CreatedOnToolsVersion = 11.2.1;
					};
				};
			};
			buildConfigurationList = BC5F862F2394528E00DBADFF /* Build configuration list for PBXProject "FriendFace" */;
			compatibilityVersion = "Xcode 9.3";
			developmentRegion = en;
			hasScannedForEncodings = 0;
			knownRegions = (
				en,
				Base,
			);
			mainGroup = BC5F862B2394528E00DBADFF;
			productRefGroup = BC5F86352394528E00DBADFF /* Products */;
			projectDirPath = "";
			projectRoot = "";
			targets = (
				BC5F86332394528E00DBADFF /* FriendFace */,
			);
		};
/* End PBXProject section */

/* Begin PBXResourcesBuildPhase section */
		BC5F86322394528E00DBADFF /* Resources */ = {
			isa = PBXResourcesBuildPhase;
			buildActionMask = 2147483647;
			files = (
				BC5F86472394529400DBADFF /* LaunchScreen.storyboard in Resources */,
				BC5F86442394529400DBADFF /* Preview Assets.xcassets in Resources */,
				BC5F86412394529400DBADFF /* Assets.xcassets in Resources */,
			);
			runOnlyForDeploymentPostprocessing = 0;
		};
/* End PBXResourcesBuildPhase section */

/* Begin PBXSourcesBuildPhase section */
		BC5F86302394528E00DBADFF /* Sources */ = {
			isa = PBXSourcesBuildPhase;
			buildActionMask = 2147483647;
			files = (
				BC5F86662394680700DBADFF /* UserTagsListView.swift in Sources */,
				BC5F863D2394528F00DBADFF /* FriendFace.xcdatamodeld in Sources */,
				BC5F865E23945ADF00DBADFF /* UserActivityView.swift in Sources */,
				BC5F86532394542D00DBADFF /* Friend+CoreDataClass.swift in Sources */,
				BC5F86562394542D00DBADFF /* User+CoreDataProperties.swift in Sources */,
				BC5F866023945B9200DBADFF /* UserDetailView.swift in Sources */,
				BC5F86382394528E00DBADFF /* AppDelegate.swift in Sources */,
				BC5F863F2394528F00DBADFF /* ContentView.swift in Sources */,
				BC5F866223945F4200DBADFF /* UserFriendsListView.swift in Sources */,
				BC5F86592394554F00DBADFF /* ContentViewModel.swift in Sources */,
				BC5F865C23945A5400DBADFF /* UserRowView.swift in Sources */,
				BC5F863A2394528E00DBADFF /* SceneDelegate.swift in Sources */,
				BC5F86542394542D00DBADFF /* Friend+CoreDataProperties.swift in Sources */,
				BC5F86552394542D00DBADFF /* User+CoreDataClass.swift in Sources */,
			);
			runOnlyForDeploymentPostprocessing = 0;
		};
/* End PBXSourcesBuildPhase section */

/* Begin PBXVariantGroup section */
		BC5F86452394529400DBADFF /* LaunchScreen.storyboard */ = {
			isa = PBXVariantGroup;
			children = (
				BC5F86462394529400DBADFF /* Base */,
			);
			name = LaunchScreen.storyboard;
			sourceTree = "<group>";
		};
/* End PBXVariantGroup section */

/* Begin XCBuildConfiguration section */
		BC5F86492394529400DBADFF /* Debug */ = {
			isa = XCBuildConfiguration;
			buildSettings = {
				ALWAYS_SEARCH_USER_PATHS = NO;
				CLANG_ANALYZER_NONNULL = YES;
				CLANG_ANALYZER_NUMBER_OBJECT_CONVERSION = YES_AGGRESSIVE;
				CLANG_CXX_LANGUAGE_STANDARD = "gnu++14";
				CLANG_CXX_LIBRARY = "libc++";
				CLANG_ENABLE_MODULES = YES;
				CLANG_ENABLE_OBJC_ARC = YES;
				CLANG_ENABLE_OBJC_WEAK = YES;
				CLANG_WARN_BLOCK_CAPTURE_AUTORELEASING = YES;
				CLANG_WARN_BOOL_CONVERSION = YES;
				CLANG_WARN_COMMA = YES;
				CLANG_WARN_CONSTANT_CONVERSION = YES;
				CLANG_WARN_DEPRECATED_OBJC_IMPLEMENTATIONS = YES;
				CLANG_WARN_DIRECT_OBJC_ISA_USAGE = YES_ERROR;
				CLANG_WARN_DOCUMENTATION_COMMENTS = YES;
				CLANG_WARN_EMPTY_BODY = YES;
				CLANG_WARN_ENUM_CONVERSION = YES;
				CLANG_WARN_INFINITE_RECURSION = YES;
				CLANG_WARN_INT_CONVERSION = YES;
				CLANG_WARN_NON_LITERAL_NULL_CONVERSION = YES;
				CLANG_WARN_OBJC_IMPLICIT_RETAIN_SELF = YES;
				CLANG_WARN_OBJC_LITERAL_CONVERSION = YES;
				CLANG_WARN_OBJC_ROOT_CLASS = YES_ERROR;
				CLANG_WARN_RANGE_LOOP_ANALYSIS = YES;
				CLANG_WARN_STRICT_PROTOTYPES = YES;
				CLANG_WARN_SUSPICIOUS_MOVE = YES;
				CLANG_WARN_UNGUARDED_AVAILABILITY = YES_AGGRESSIVE;
				CLANG_WARN_UNREACHABLE_CODE = YES;
				CLANG_WARN__DUPLICATE_METHOD_MATCH = YES;
				COPY_PHASE_STRIP = NO;
				DEBUG_INFORMATION_FORMAT = dwarf;
				ENABLE_STRICT_OBJC_MSGSEND = YES;
				ENABLE_TESTABILITY = YES;
				GCC_C_LANGUAGE_STANDARD = gnu11;
				GCC_DYNAMIC_NO_PIC = NO;
				GCC_NO_COMMON_BLOCKS = YES;
				GCC_OPTIMIZATION_LEVEL = 0;
				GCC_PREPROCESSOR_DEFINITIONS = (
					"DEBUG=1",
					"$(inherited)",
				);
				GCC_WARN_64_TO_32_BIT_CONVERSION = YES;
				GCC_WARN_ABOUT_RETURN_TYPE = YES_ERROR;
				GCC_WARN_UNDECLARED_SELECTOR = YES;
				GCC_WARN_UNINITIALIZED_AUTOS = YES_AGGRESSIVE;
				GCC_WARN_UNUSED_FUNCTION = YES;
				GCC_WARN_UNUSED_VARIABLE = YES;
				IPHONEOS_DEPLOYMENT_TARGET = 13.2;
				MTL_ENABLE_DEBUG_INFO = INCLUDE_SOURCE;
				MTL_FAST_MATH = YES;
				ONLY_ACTIVE_ARCH = YES;
				SDKROOT = iphoneos;
				SWIFT_ACTIVE_COMPILATION_CONDITIONS = DEBUG;
				SWIFT_OPTIMIZATION_LEVEL = "-Onone";
			};
			name = Debug;
		};
		BC5F864A2394529400DBADFF /* Release */ = {
			isa = XCBuildConfiguration;
			buildSettings = {
				ALWAYS_SEARCH_USER_PATHS = NO;
				CLANG_ANALYZER_NONNULL = YES;
				CLANG_ANALYZER_NUMBER_OBJECT_CONVERSION = YES_AGGRESSIVE;
				CLANG_CXX_LANGUAGE_STANDARD = "gnu++14";
				CLANG_CXX_LIBRARY = "libc++";
				CLANG_ENABLE_MODULES = YES;
				CLANG_ENABLE_OBJC_ARC = YES;
				CLANG_ENABLE_OBJC_WEAK = YES;
				CLANG_WARN_BLOCK_CAPTURE_AUTORELEASING = YES;
				CLANG_WARN_BOOL_CONVERSION = YES;
				CLANG_WARN_COMMA = YES;
				CLANG_WARN_CONSTANT_CONVERSION = YES;
				CLANG_WARN_DEPRECATED_OBJC_IMPLEMENTATIONS = YES;
				CLANG_WARN_DIRECT_OBJC_ISA_USAGE = YES_ERROR;
				CLANG_WARN_DOCUMENTATION_COMMENTS = YES;
				CLANG_WARN_EMPTY_BODY = YES;
				CLANG_WARN_ENUM_CONVERSION = YES;
				CLANG_WARN_INFINITE_RECURSION = YES;
				CLANG_WARN_INT_CONVERSION = YES;
				CLANG_WARN_NON_LITERAL_NULL_CONVERSION = YES;
				CLANG_WARN_OBJC_IMPLICIT_RETAIN_SELF = YES;
				CLANG_WARN_OBJC_LITERAL_CONVERSION = YES;
				CLANG_WARN_OBJC_ROOT_CLASS = YES_ERROR;
				CLANG_WARN_RANGE_LOOP_ANALYSIS = YES;
				CLANG_WARN_STRICT_PROTOTYPES = YES;
				CLANG_WARN_SUSPICIOUS_MOVE = YES;
				CLANG_WARN_UNGUARDED_AVAILABILITY = YES_AGGRESSIVE;
				CLANG_WARN_UNREACHABLE_CODE = YES;
				CLANG_WARN__DUPLICATE_METHOD_MATCH = YES;
				COPY_PHASE_STRIP = NO;
				DEBUG_INFORMATION_FORMAT = "dwarf-with-dsym";
				ENABLE_NS_ASSERTIONS = NO;
				ENABLE_STRICT_OBJC_MSGSEND = YES;
				GCC_C_LANGUAGE_STANDARD = gnu11;
				GCC_NO_COMMON_BLOCKS = YES;
				GCC_WARN_64_TO_32_BIT_CONVERSION = YES;
				GCC_WARN_ABOUT_RETURN_TYPE = YES_ERROR;
				GCC_WARN_UNDECLARED_SELECTOR = YES;
				GCC_WARN_UNINITIALIZED_AUTOS = YES_AGGRESSIVE;
				GCC_WARN_UNUSED_FUNCTION = YES;
				GCC_WARN_UNUSED_VARIABLE = YES;
				IPHONEOS_DEPLOYMENT_TARGET = 13.2;
				MTL_ENABLE_DEBUG_INFO = NO;
				MTL_FAST_MATH = YES;
				SDKROOT = iphoneos;
				SWIFT_COMPILATION_MODE = wholemodule;
				SWIFT_OPTIMIZATION_LEVEL = "-O";
				VALIDATE_PRODUCT = YES;
			};
			name = Release;
		};
		BC5F864C2394529400DBADFF /* Debug */ = {
			isa = XCBuildConfiguration;
			buildSettings = {
				ASSETCATALOG_COMPILER_APPICON_NAME = AppIcon;
				CODE_SIGN_STYLE = Automatic;
				DEVELOPMENT_ASSET_PATHS = "\"FriendFace/Preview Content\"";
				ENABLE_PREVIEWS = YES;
				INFOPLIST_FILE = FriendFace/Info.plist;
				LD_RUNPATH_SEARCH_PATHS = (
					"$(inherited)",
					"@executable_path/Frameworks",
				);
				PRODUCT_BUNDLE_IDENTIFIER = com.emilioschepis.100daysofswiftui.FriendFace;
				PRODUCT_NAME = "$(TARGET_NAME)";
				SWIFT_VERSION = 5.0;
				TARGETED_DEVICE_FAMILY = "1,2";
			};
			name = Debug;
		};
		BC5F864D2394529400DBADFF /* Release */ = {
			isa = XCBuildConfiguration;
			buildSettings = {
				ASSETCATALOG_COMPILER_APPICON_NAME = AppIcon;
				CODE_SIGN_STYLE = Automatic;
				DEVELOPMENT_ASSET_PATHS = "\"FriendFace/Preview Content\"";
				ENABLE_PREVIEWS = YES;
				INFOPLIST_FILE = FriendFace/Info.plist;
				LD_RUNPATH_SEARCH_PATHS = (
					"$(inherited)",
					"@executable_path/Frameworks",
				);
				PRODUCT_BUNDLE_IDENTIFIER = com.emilioschepis.100daysofswiftui.FriendFace;
				PRODUCT_NAME = "$(TARGET_NAME)";
				SWIFT_VERSION = 5.0;
				TARGETED_DEVICE_FAMILY = "1,2";
			};
			name = Release;
		};
/* End XCBuildConfiguration section */

/* Begin XCConfigurationList section */
		BC5F862F2394528E00DBADFF /* Build configuration list for PBXProject "FriendFace" */ = {
			isa = XCConfigurationList;
			buildConfigurations = (
				BC5F86492394529400DBADFF /* Debug */,
				BC5F864A2394529400DBADFF /* Release */,
			);
			defaultConfigurationIsVisible = 0;
			defaultConfigurationName = Release;
		};
		BC5F864B2394529400DBADFF /* Build configuration list for PBXNativeTarget "FriendFace" */ = {
			isa = XCConfigurationList;
			buildConfigurations = (
				BC5F864C2394529400DBADFF /* Debug */,
				BC5F864D2394529400DBADFF /* Release */,
			);
			defaultConfigurationIsVisible = 0;
			defaultConfigurationName = Release;
		};
/* End XCConfigurationList section */

/* Begin XCVersionGroup section */
		BC5F863B2394528F00DBADFF /* FriendFace.xcdatamodeld */ = {
			isa = XCVersionGroup;
			children = (
				BC5F863C2394528F00DBADFF /* FriendFace.xcdatamodel */,
			);
			currentVersion = BC5F863C2394528F00DBADFF /* FriendFace.xcdatamodel */;
			path = FriendFace.xcdatamodeld;
			sourceTree = "<group>";
			versionGroupType = wrapper.xcdatamodel;
		};
/* End XCVersionGroup section */
	};
	rootObject = BC5F862C2394528E00DBADFF /* Project object */;
}
