// !$*UTF8*$!
{
	archiveVersion = 1;
	classes = {
	};
	objectVersion = 50;
	objects = {

/* Begin PBXBuildFile section */
		BCD02BC52392EE8000861C7D /* Singer+CoreDataClass.swift in Sources */ = {isa = PBXBuildFile; fileRef = BCD02BC32392EE8000861C7D /* Singer+CoreDataClass.swift */; };
		BCD02BC62392EE8000861C7D /* Singer+CoreDataProperties.swift in Sources */ = {isa = PBXBuildFile; fileRef = BCD02BC42392EE8000861C7D /* Singer+CoreDataProperties.swift */; };
		BCD02BC82392EF0C00861C7D /* FilteredList.swift in Sources */ = {isa = PBXBuildFile; fileRef = BCD02BC72392EF0C00861C7D /* FilteredList.swift */; };
		BCD02BCD2392F56900861C7D /* Country+CoreDataClass.swift in Sources */ = {isa = PBXBuildFile; fileRef = BCD02BC92392F56900861C7D /* Country+CoreDataClass.swift */; };
		BCD02BCE2392F56900861C7D /* Country+CoreDataProperties.swift in Sources */ = {isa = PBXBuildFile; fileRef = BCD02BCA2392F56900861C7D /* Country+CoreDataProperties.swift */; };
		BCD02BCF2392F56900861C7D /* Candy+CoreDataClass.swift in Sources */ = {isa = PBXBuildFile; fileRef = BCD02BCB2392F56900861C7D /* Candy+CoreDataClass.swift */; };
		BCD02BD02392F56900861C7D /* Candy+CoreDataProperties.swift in Sources */ = {isa = PBXBuildFile; fileRef = BCD02BCC2392F56900861C7D /* Candy+CoreDataProperties.swift */; };
		BCE3A6522387B3EA00A33EBE /* AppDelegate.swift in Sources */ = {isa = PBXBuildFile; fileRef = BCE3A6512387B3EA00A33EBE /* AppDelegate.swift */; };
		BCE3A6542387B3EA00A33EBE /* SceneDelegate.swift in Sources */ = {isa = PBXBuildFile; fileRef = BCE3A6532387B3EA00A33EBE /* SceneDelegate.swift */; };
		BCE3A6572387B3EA00A33EBE /* CoreDataProject.xcdatamodeld in Sources */ = {isa = PBXBuildFile; fileRef = BCE3A6552387B3EA00A33EBE /* CoreDataProject.xcdatamodeld */; };
		BCE3A6592387B3EA00A33EBE /* ContentView.swift in Sources */ = {isa = PBXBuildFile; fileRef = BCE3A6582387B3EA00A33EBE /* ContentView.swift */; };
		BCE3A65B2387B3EB00A33EBE /* Assets.xcassets in Resources */ = {isa = PBXBuildFile; fileRef = BCE3A65A2387B3EB00A33EBE /* Assets.xcassets */; };
		BCE3A65E2387B3EB00A33EBE /* Preview Assets.xcassets in Resources */ = {isa = PBXBuildFile; fileRef = BCE3A65D2387B3EB00A33EBE /* Preview Assets.xcassets */; };
		BCE3A6612387B3EB00A33EBE /* LaunchScreen.storyboard in Resources */ = {isa = PBXBuildFile; fileRef = BCE3A65F2387B3EB00A33EBE /* LaunchScreen.storyboard */; };
		BCE3A66E2387B63100A33EBE /* Movie+CoreDataClass.swift in Sources */ = {isa = PBXBuildFile; fileRef = BCE3A66C2387B63100A33EBE /* Movie+CoreDataClass.swift */; };
		BCE3A66F2387B63100A33EBE /* Movie+CoreDataProperties.swift in Sources */ = {isa = PBXBuildFile; fileRef = BCE3A66D2387B63100A33EBE /* Movie+CoreDataProperties.swift */; };
/* End PBXBuildFile section */

/* Begin PBXFileReference section */
		BCD02BC32392EE8000861C7D /* Singer+CoreDataClass.swift */ = {isa = PBXFileReference; lastKnownFileType = sourcecode.swift; path = "Singer+CoreDataClass.swift"; sourceTree = "<group>"; };
		BCD02BC42392EE8000861C7D /* Singer+CoreDataProperties.swift */ = {isa = PBXFileReference; lastKnownFileType = sourcecode.swift; path = "Singer+CoreDataProperties.swift"; sourceTree = "<group>"; };
		BCD02BC72392EF0C00861C7D /* FilteredList.swift */ = {isa = PBXFileReference; lastKnownFileType = sourcecode.swift; path = FilteredList.swift; sourceTree = "<group>"; };
		BCD02BC92392F56900861C7D /* Country+CoreDataClass.swift */ = {isa = PBXFileReference; lastKnownFileType = sourcecode.swift; path = "Country+CoreDataClass.swift"; sourceTree = "<group>"; };
		BCD02BCA2392F56900861C7D /* Country+CoreDataProperties.swift */ = {isa = PBXFileReference; lastKnownFileType = sourcecode.swift; path = "Country+CoreDataProperties.swift"; sourceTree = "<group>"; };
		BCD02BCB2392F56900861C7D /* Candy+CoreDataClass.swift */ = {isa = PBXFileReference; lastKnownFileType = sourcecode.swift; path = "Candy+CoreDataClass.swift"; sourceTree = "<group>"; };
		BCD02BCC2392F56900861C7D /* Candy+CoreDataProperties.swift */ = {isa = PBXFileReference; lastKnownFileType = sourcecode.swift; path = "Candy+CoreDataProperties.swift"; sourceTree = "<group>"; };
		BCE3A64E2387B3EA00A33EBE /* CoreDataProject.app */ = {isa = PBXFileReference; explicitFileType = wrapper.application; includeInIndex = 0; path = CoreDataProject.app; sourceTree = BUILT_PRODUCTS_DIR; };
		BCE3A6512387B3EA00A33EBE /* AppDelegate.swift */ = {isa = PBXFileReference; lastKnownFileType = sourcecode.swift; path = AppDelegate.swift; sourceTree = "<group>"; };
		BCE3A6532387B3EA00A33EBE /* SceneDelegate.swift */ = {isa = PBXFileReference; lastKnownFileType = sourcecode.swift; path = SceneDelegate.swift; sourceTree = "<group>"; };
		BCE3A6562387B3EA00A33EBE /* CoreDataProject.xcdatamodel */ = {isa = PBXFileReference; lastKnownFileType = wrapper.xcdatamodel; path = CoreDataProject.xcdatamodel; sourceTree = "<group>"; };
		BCE3A6582387B3EA00A33EBE /* ContentView.swift */ = {isa = PBXFileReference; lastKnownFileType = sourcecode.swift; path = ContentView.swift; sourceTree = "<group>"; };
		BCE3A65A2387B3EB00A33EBE /* Assets.xcassets */ = {isa = PBXFileReference; lastKnownFileType = folder.assetcatalog; path = Assets.xcassets; sourceTree = "<group>"; };
		BCE3A65D2387B3EB00A33EBE /* Preview Assets.xcassets */ = {isa = PBXFileReference; lastKnownFileType = folder.assetcatalog; path = "Preview Assets.xcassets"; sourceTree = "<group>"; };
		BCE3A6602387B3EB00A33EBE /* Base */ = {isa = PBXFileReference; lastKnownFileType = file.storyboard; name = Base; path = Base.lproj/LaunchScreen.storyboard; sourceTree = "<group>"; };
		BCE3A6622387B3EB00A33EBE /* Info.plist */ = {isa = PBXFileReference; lastKnownFileType = text.plist.xml; path = Info.plist; sourceTree = "<group>"; };
		BCE3A66C2387B63100A33EBE /* Movie+CoreDataClass.swift */ = {isa = PBXFileReference; lastKnownFileType = sourcecode.swift; path = "Movie+CoreDataClass.swift"; sourceTree = SOURCE_ROOT; };
		BCE3A66D2387B63100A33EBE /* Movie+CoreDataProperties.swift */ = {isa = PBXFileReference; lastKnownFileType = sourcecode.swift; path = "Movie+CoreDataProperties.swift"; sourceTree = SOURCE_ROOT; };
/* End PBXFileReference section */

/* Begin PBXFrameworksBuildPhase section */
		BCE3A64B2387B3EA00A33EBE /* Frameworks */ = {
			isa = PBXFrameworksBuildPhase;
			buildActionMask = 2147483647;
			files = (
			);
			runOnlyForDeploymentPostprocessing = 0;
		};
/* End PBXFrameworksBuildPhase section */

/* Begin PBXGroup section */
		BCE3A6452387B3EA00A33EBE = {
			isa = PBXGroup;
			children = (
				BCE3A6502387B3EA00A33EBE /* CoreDataProject */,
				BCE3A64F2387B3EA00A33EBE /* Products */,
			);
			sourceTree = "<group>";
		};
		BCE3A64F2387B3EA00A33EBE /* Products */ = {
			isa = PBXGroup;
			children = (
				BCE3A64E2387B3EA00A33EBE /* CoreDataProject.app */,
			);
			name = Products;
			sourceTree = "<group>";
		};
		BCE3A6502387B3EA00A33EBE /* CoreDataProject */ = {
			isa = PBXGroup;
			children = (
				BCD02BC92392F56900861C7D /* Country+CoreDataClass.swift */,
				BCD02BCA2392F56900861C7D /* Country+CoreDataProperties.swift */,
				BCD02BCB2392F56900861C7D /* Candy+CoreDataClass.swift */,
				BCD02BCC2392F56900861C7D /* Candy+CoreDataProperties.swift */,
				BCD02BC32392EE8000861C7D /* Singer+CoreDataClass.swift */,
				BCD02BC42392EE8000861C7D /* Singer+CoreDataProperties.swift */,
				BCE3A66C2387B63100A33EBE /* Movie+CoreDataClass.swift */,
				BCE3A66D2387B63100A33EBE /* Movie+CoreDataProperties.swift */,
				BCE3A6512387B3EA00A33EBE /* AppDelegate.swift */,
				BCE3A6532387B3EA00A33EBE /* SceneDelegate.swift */,
				BCE3A6582387B3EA00A33EBE /* ContentView.swift */,
				BCD02BC72392EF0C00861C7D /* FilteredList.swift */,
				BCE3A65A2387B3EB00A33EBE /* Assets.xcassets */,
				BCE3A65F2387B3EB00A33EBE /* LaunchScreen.storyboard */,
				BCE3A6622387B3EB00A33EBE /* Info.plist */,
				BCE3A6552387B3EA00A33EBE /* CoreDataProject.xcdatamodeld */,
				BCE3A65C2387B3EB00A33EBE /* Preview Content */,
			);
			path = CoreDataProject;
			sourceTree = "<group>";
		};
		BCE3A65C2387B3EB00A33EBE /* Preview Content */ = {
			isa = PBXGroup;
			children = (
				BCE3A65D2387B3EB00A33EBE /* Preview Assets.xcassets */,
			);
			path = "Preview Content";
			sourceTree = "<group>";
		};
/* End PBXGroup section */

/* Begin PBXNativeTarget section */
		BCE3A64D2387B3EA00A33EBE /* CoreDataProject */ = {
			isa = PBXNativeTarget;
			buildConfigurationList = BCE3A6652387B3EB00A33EBE /* Build configuration list for PBXNativeTarget "CoreDataProject" */;
			buildPhases = (
				BCE3A64A2387B3EA00A33EBE /* Sources */,
				BCE3A64B2387B3EA00A33EBE /* Frameworks */,
				BCE3A64C2387B3EA00A33EBE /* Resources */,
			);
			buildRules = (
			);
			dependencies = (
			);
			name = CoreDataProject;
			productName = CoreDataProject;
			productReference = BCE3A64E2387B3EA00A33EBE /* CoreDataProject.app */;
			productType = "com.apple.product-type.application";
		};
/* End PBXNativeTarget section */

/* Begin PBXProject section */
		BCE3A6462387B3EA00A33EBE /* Project object */ = {
			isa = PBXProject;
			attributes = {
				LastSwiftUpdateCheck = 1120;
				LastUpgradeCheck = 1120;
				ORGANIZATIONNAME = "Emilio Schepis";
				TargetAttributes = {
					BCE3A64D2387B3EA00A33EBE = {
						CreatedOnToolsVersion = 11.2.1;
					};
				};
			};
			buildConfigurationList = BCE3A6492387B3EA00A33EBE /* Build configuration list for PBXProject "CoreDataProject" */;
			compatibilityVersion = "Xcode 9.3";
			developmentRegion = en;
			hasScannedForEncodings = 0;
			knownRegions = (
				en,
				Base,
			);
			mainGroup = BCE3A6452387B3EA00A33EBE;
			productRefGroup = BCE3A64F2387B3EA00A33EBE /* Products */;
			projectDirPath = "";
			projectRoot = "";
			targets = (
				BCE3A64D2387B3EA00A33EBE /* CoreDataProject */,
			);
		};
/* End PBXProject section */

/* Begin PBXResourcesBuildPhase section */
		BCE3A64C2387B3EA00A33EBE /* Resources */ = {
			isa = PBXResourcesBuildPhase;
			buildActionMask = 2147483647;
			files = (
				BCE3A6612387B3EB00A33EBE /* LaunchScreen.storyboard in Resources */,
				BCE3A65E2387B3EB00A33EBE /* Preview Assets.xcassets in Resources */,
				BCE3A65B2387B3EB00A33EBE /* Assets.xcassets in Resources */,
			);
			runOnlyForDeploymentPostprocessing = 0;
		};
/* End PBXResourcesBuildPhase section */

/* Begin PBXSourcesBuildPhase section */
		BCE3A64A2387B3EA00A33EBE /* Sources */ = {
			isa = PBXSourcesBuildPhase;
			buildActionMask = 2147483647;
			files = (
				BCD02BC52392EE8000861C7D /* Singer+CoreDataClass.swift in Sources */,
				BCE3A6522387B3EA00A33EBE /* AppDelegate.swift in Sources */,
				BCD02BC82392EF0C00861C7D /* FilteredList.swift in Sources */,
				BCE3A6542387B3EA00A33EBE /* SceneDelegate.swift in Sources */,
				BCE3A6592387B3EA00A33EBE /* ContentView.swift in Sources */,
				BCD02BD02392F56900861C7D /* Candy+CoreDataProperties.swift in Sources */,
				BCE3A66E2387B63100A33EBE /* Movie+CoreDataClass.swift in Sources */,
				BCD02BCE2392F56900861C7D /* Country+CoreDataProperties.swift in Sources */,
				BCD02BC62392EE8000861C7D /* Singer+CoreDataProperties.swift in Sources */,
				BCE3A66F2387B63100A33EBE /* Movie+CoreDataProperties.swift in Sources */,
				BCD02BCD2392F56900861C7D /* Country+CoreDataClass.swift in Sources */,
				BCE3A6572387B3EA00A33EBE /* CoreDataProject.xcdatamodeld in Sources */,
				BCD02BCF2392F56900861C7D /* Candy+CoreDataClass.swift in Sources */,
			);
			runOnlyForDeploymentPostprocessing = 0;
		};
/* End PBXSourcesBuildPhase section */

/* Begin PBXVariantGroup section */
		BCE3A65F2387B3EB00A33EBE /* LaunchScreen.storyboard */ = {
			isa = PBXVariantGroup;
			children = (
				BCE3A6602387B3EB00A33EBE /* Base */,
			);
			name = LaunchScreen.storyboard;
			sourceTree = "<group>";
		};
/* End PBXVariantGroup section */

/* Begin XCBuildConfiguration section */
		BCE3A6632387B3EB00A33EBE /* Debug */ = {
			isa = XCBuildConfiguration;
			buildSettings = {
				ALWAYS_SEARCH_USER_PATHS = NO;
				CLANG_ANALYZER_NONNULL = YES;
				CLANG_ANALYZER_NUMBER_OBJECT_CONVERSION = YES_AGGRESSIVE;
				CLANG_CXX_LANGUAGE_STANDARD = "gnu++14";
				CLANG_CXX_LIBRARY = "libc++";
				CLANG_ENABLE_MODULES = YES;
				CLANG_ENABLE_OBJC_ARC = YES;
				CLANG_ENABLE_OBJC_WEAK = YES;
				CLANG_WARN_BLOCK_CAPTURE_AUTORELEASING = YES;
				CLANG_WARN_BOOL_CONVERSION = YES;
				CLANG_WARN_COMMA = YES;
				CLANG_WARN_CONSTANT_CONVERSION = YES;
				CLANG_WARN_DEPRECATED_OBJC_IMPLEMENTATIONS = YES;
				CLANG_WARN_DIRECT_OBJC_ISA_USAGE = YES_ERROR;
				CLANG_WARN_DOCUMENTATION_COMMENTS = YES;
				CLANG_WARN_EMPTY_BODY = YES;
				CLANG_WARN_ENUM_CONVERSION = YES;
				CLANG_WARN_INFINITE_RECURSION = YES;
				CLANG_WARN_INT_CONVERSION = YES;
				CLANG_WARN_NON_LITERAL_NULL_CONVERSION = YES;
				CLANG_WARN_OBJC_IMPLICIT_RETAIN_SELF = YES;
				CLANG_WARN_OBJC_LITERAL_CONVERSION = YES;
				CLANG_WARN_OBJC_ROOT_CLASS = YES_ERROR;
				CLANG_WARN_RANGE_LOOP_ANALYSIS = YES;
				CLANG_WARN_STRICT_PROTOTYPES = YES;
				CLANG_WARN_SUSPICIOUS_MOVE = YES;
				CLANG_WARN_UNGUARDED_AVAILABILITY = YES_AGGRESSIVE;
				CLANG_WARN_UNREACHABLE_CODE = YES;
				CLANG_WARN__DUPLICATE_METHOD_MATCH = YES;
				COPY_PHASE_STRIP = NO;
				DEBUG_INFORMATION_FORMAT = dwarf;
				ENABLE_STRICT_OBJC_MSGSEND = YES;
				ENABLE_TESTABILITY = YES;
				GCC_C_LANGUAGE_STANDARD = gnu11;
				GCC_DYNAMIC_NO_PIC = NO;
				GCC_NO_COMMON_BLOCKS = YES;
				GCC_OPTIMIZATION_LEVEL = 0;
				GCC_PREPROCESSOR_DEFINITIONS = (
					"DEBUG=1",
					"$(inherited)",
				);
				GCC_WARN_64_TO_32_BIT_CONVERSION = YES;
				GCC_WARN_ABOUT_RETURN_TYPE = YES_ERROR;
				GCC_WARN_UNDECLARED_SELECTOR = YES;
				GCC_WARN_UNINITIALIZED_AUTOS = YES_AGGRESSIVE;
				GCC_WARN_UNUSED_FUNCTION = YES;
				GCC_WARN_UNUSED_VARIABLE = YES;
				IPHONEOS_DEPLOYMENT_TARGET = 13.2;
				MTL_ENABLE_DEBUG_INFO = INCLUDE_SOURCE;
				MTL_FAST_MATH = YES;
				ONLY_ACTIVE_ARCH = YES;
				SDKROOT = iphoneos;
				SWIFT_ACTIVE_COMPILATION_CONDITIONS = DEBUG;
				SWIFT_OPTIMIZATION_LEVEL = "-Onone";
			};
			name = Debug;
		};
		BCE3A6642387B3EB00A33EBE /* Release */ = {
			isa = XCBuildConfiguration;
			buildSettings = {
				ALWAYS_SEARCH_USER_PATHS = NO;
				CLANG_ANALYZER_NONNULL = YES;
				CLANG_ANALYZER_NUMBER_OBJECT_CONVERSION = YES_AGGRESSIVE;
				CLANG_CXX_LANGUAGE_STANDARD = "gnu++14";
				CLANG_CXX_LIBRARY = "libc++";
				CLANG_ENABLE_MODULES = YES;
				CLANG_ENABLE_OBJC_ARC = YES;
				CLANG_ENABLE_OBJC_WEAK = YES;
				CLANG_WARN_BLOCK_CAPTURE_AUTORELEASING = YES;
				CLANG_WARN_BOOL_CONVERSION = YES;
				CLANG_WARN_COMMA = YES;
				CLANG_WARN_CONSTANT_CONVERSION = YES;
				CLANG_WARN_DEPRECATED_OBJC_IMPLEMENTATIONS = YES;
				CLANG_WARN_DIRECT_OBJC_ISA_USAGE = YES_ERROR;
				CLANG_WARN_DOCUMENTATION_COMMENTS = YES;
				CLANG_WARN_EMPTY_BODY = YES;
				CLANG_WARN_ENUM_CONVERSION = YES;
				CLANG_WARN_INFINITE_RECURSION = YES;
				CLANG_WARN_INT_CONVERSION = YES;
				CLANG_WARN_NON_LITERAL_NULL_CONVERSION = YES;
				CLANG_WARN_OBJC_IMPLICIT_RETAIN_SELF = YES;
				CLANG_WARN_OBJC_LITERAL_CONVERSION = YES;
				CLANG_WARN_OBJC_ROOT_CLASS = YES_ERROR;
				CLANG_WARN_RANGE_LOOP_ANALYSIS = YES;
				CLANG_WARN_STRICT_PROTOTYPES = YES;
				CLANG_WARN_SUSPICIOUS_MOVE = YES;
				CLANG_WARN_UNGUARDED_AVAILABILITY = YES_AGGRESSIVE;
				CLANG_WARN_UNREACHABLE_CODE = YES;
				CLANG_WARN__DUPLICATE_METHOD_MATCH = YES;
				COPY_PHASE_STRIP = NO;
				DEBUG_INFORMATION_FORMAT = "dwarf-with-dsym";
				ENABLE_NS_ASSERTIONS = NO;
				ENABLE_STRICT_OBJC_MSGSEND = YES;
				GCC_C_LANGUAGE_STANDARD = gnu11;
				GCC_NO_COMMON_BLOCKS = YES;
				GCC_WARN_64_TO_32_BIT_CONVERSION = YES;
				GCC_WARN_ABOUT_RETURN_TYPE = YES_ERROR;
				GCC_WARN_UNDECLARED_SELECTOR = YES;
				GCC_WARN_UNINITIALIZED_AUTOS = YES_AGGRESSIVE;
				GCC_WARN_UNUSED_FUNCTION = YES;
				GCC_WARN_UNUSED_VARIABLE = YES;
				IPHONEOS_DEPLOYMENT_TARGET = 13.2;
				MTL_ENABLE_DEBUG_INFO = NO;
				MTL_FAST_MATH = YES;
				SDKROOT = iphoneos;
				SWIFT_COMPILATION_MODE = wholemodule;
				SWIFT_OPTIMIZATION_LEVEL = "-O";
				VALIDATE_PRODUCT = YES;
			};
			name = Release;
		};
		BCE3A6662387B3EB00A33EBE /* Debug */ = {
			isa = XCBuildConfiguration;
			buildSettings = {
				ASSETCATALOG_COMPILER_APPICON_NAME = AppIcon;
				CODE_SIGN_STYLE = Automatic;
				DEVELOPMENT_ASSET_PATHS = "\"CoreDataProject/Preview Content\"";
				ENABLE_PREVIEWS = YES;
				INFOPLIST_FILE = CoreDataProject/Info.plist;
				LD_RUNPATH_SEARCH_PATHS = (
					"$(inherited)",
					"@executable_path/Frameworks",
				);
				PRODUCT_BUNDLE_IDENTIFIER = com.emilioschepis.100daysofswiftui.CoreDataProject;
				PRODUCT_NAME = "$(TARGET_NAME)";
				SWIFT_VERSION = 5.0;
				TARGETED_DEVICE_FAMILY = "1,2";
			};
			name = Debug;
		};
		BCE3A6672387B3EB00A33EBE /* Release */ = {
			isa = XCBuildConfiguration;
			buildSettings = {
				ASSETCATALOG_COMPILER_APPICON_NAME = AppIcon;
				CODE_SIGN_STYLE = Automatic;
				DEVELOPMENT_ASSET_PATHS = "\"CoreDataProject/Preview Content\"";
				ENABLE_PREVIEWS = YES;
				INFOPLIST_FILE = CoreDataProject/Info.plist;
				LD_RUNPATH_SEARCH_PATHS = (
					"$(inherited)",
					"@executable_path/Frameworks",
				);
				PRODUCT_BUNDLE_IDENTIFIER = com.emilioschepis.100daysofswiftui.CoreDataProject;
				PRODUCT_NAME = "$(TARGET_NAME)";
				SWIFT_VERSION = 5.0;
				TARGETED_DEVICE_FAMILY = "1,2";
			};
			name = Release;
		};
/* End XCBuildConfiguration section */

/* Begin XCConfigurationList section */
		BCE3A6492387B3EA00A33EBE /* Build configuration list for PBXProject "CoreDataProject" */ = {
			isa = XCConfigurationList;
			buildConfigurations = (
				BCE3A6632387B3EB00A33EBE /* Debug */,
				BCE3A6642387B3EB00A33EBE /* Release */,
			);
			defaultConfigurationIsVisible = 0;
			defaultConfigurationName = Release;
		};
		BCE3A6652387B3EB00A33EBE /* Build configuration list for PBXNativeTarget "CoreDataProject" */ = {
			isa = XCConfigurationList;
			buildConfigurations = (
				BCE3A6662387B3EB00A33EBE /* Debug */,
				BCE3A6672387B3EB00A33EBE /* Release */,
			);
			defaultConfigurationIsVisible = 0;
			defaultConfigurationName = Release;
		};
/* End XCConfigurationList section */

/* Begin XCVersionGroup section */
		BCE3A6552387B3EA00A33EBE /* CoreDataProject.xcdatamodeld */ = {
			isa = XCVersionGroup;
			children = (
				BCE3A6562387B3EA00A33EBE /* CoreDataProject.xcdatamodel */,
			);
			currentVersion = BCE3A6562387B3EA00A33EBE /* CoreDataProject.xcdatamodel */;
			path = CoreDataProject.xcdatamodeld;
			sourceTree = "<group>";
			versionGroupType = wrapper.xcdatamodel;
		};
/* End XCVersionGroup section */
	};
	rootObject = BCE3A6462387B3EA00A33EBE /* Project object */;
}
